// !$*UTF8*$!
{
	archiveVersion = 1;
	classes = {
	};
	objectVersion = 46;
	objects = {

/* Begin PBXBuildFile section */
		B47C3DD71A94531900F41A9D /* main.m in Sources */ = {isa = PBXBuildFile; fileRef = B47C3DD61A94531900F41A9D /* main.m */; };
		B47C3DDA1A94531900F41A9D /* AppDelegate.m in Sources */ = {isa = PBXBuildFile; fileRef = B47C3DD91A94531900F41A9D /* AppDelegate.m */; };
		B47C3DDD1A94531900F41A9D /* ProblemsViewController.m in Sources */ = {isa = PBXBuildFile; fileRef = B47C3DDC1A94531900F41A9D /* ProblemsViewController.m */; };
		B47C3DE01A94531900F41A9D /* SecondViewController.m in Sources */ = {isa = PBXBuildFile; fileRef = B47C3DDF1A94531900F41A9D /* SecondViewController.m */; };
		B47C3DE31A94531900F41A9D /* Main.storyboard in Resources */ = {isa = PBXBuildFile; fileRef = B47C3DE11A94531900F41A9D /* Main.storyboard */; };
		B47C3DE51A94531900F41A9D /* Images.xcassets in Resources */ = {isa = PBXBuildFile; fileRef = B47C3DE41A94531900F41A9D /* Images.xcassets */; };
		B47C3DE81A94531900F41A9D /* LaunchScreen.xib in Resources */ = {isa = PBXBuildFile; fileRef = B47C3DE61A94531900F41A9D /* LaunchScreen.xib */; };
		B47C3DF41A94531A00F41A9D /* Pack_it_solverTests.m in Sources */ = {isa = PBXBuildFile; fileRef = B47C3DF31A94531A00F41A9D /* Pack_it_solverTests.m */; };
/* End PBXBuildFile section */

/* Begin PBXContainerItemProxy section */
		B47C3DEE1A94531900F41A9D /* PBXContainerItemProxy */ = {
			isa = PBXContainerItemProxy;
			containerPortal = B47C3DC91A94531900F41A9D /* Project object */;
			proxyType = 1;
			remoteGlobalIDString = B47C3DD01A94531900F41A9D;
			remoteInfo = "Pack-it_solver";
		};
/* End PBXContainerItemProxy section */

/* Begin PBXFileReference section */
		B47C3DD11A94531900F41A9D /* Pack-it_solver.app */ = {isa = PBXFileReference; explicitFileType = wrapper.application; includeInIndex = 0; path = "Pack-it_solver.app"; sourceTree = BUILT_PRODUCTS_DIR; };
		B47C3DD51A94531900F41A9D /* Info.plist */ = {isa = PBXFileReference; lastKnownFileType = text.plist.xml; path = Info.plist; sourceTree = "<group>"; };
		B47C3DD61A94531900F41A9D /* main.m */ = {isa = PBXFileReference; lastKnownFileType = sourcecode.c.objc; path = main.m; sourceTree = "<group>"; };
		B47C3DD81A94531900F41A9D /* AppDelegate.h */ = {isa = PBXFileReference; lastKnownFileType = sourcecode.c.h; path = AppDelegate.h; sourceTree = "<group>"; };
		B47C3DD91A94531900F41A9D /* AppDelegate.m */ = {isa = PBXFileReference; lastKnownFileType = sourcecode.c.objc; path = AppDelegate.m; sourceTree = "<group>"; };
		B47C3DDB1A94531900F41A9D /* ProblemsViewController.h */ = {isa = PBXFileReference; lastKnownFileType = sourcecode.c.h; path = ProblemsViewController.h; sourceTree = "<group>"; };
		B47C3DDC1A94531900F41A9D /* ProblemsViewController.m */ = {isa = PBXFileReference; lastKnownFileType = sourcecode.c.objc; path = ProblemsViewController.m; sourceTree = "<group>"; };
		B47C3DDE1A94531900F41A9D /* SecondViewController.h */ = {isa = PBXFileReference; lastKnownFileType = sourcecode.c.h; path = SecondViewController.h; sourceTree = "<group>"; };
		B47C3DDF1A94531900F41A9D /* SecondViewController.m */ = {isa = PBXFileReference; lastKnownFileType = sourcecode.c.objc; path = SecondViewController.m; sourceTree = "<group>"; };
		B47C3DE21A94531900F41A9D /* Base */ = {isa = PBXFileReference; lastKnownFileType = file.storyboard; name = Base; path = Base.lproj/Main.storyboard; sourceTree = "<group>"; };
		B47C3DE41A94531900F41A9D /* Images.xcassets */ = {isa = PBXFileReference; lastKnownFileType = folder.assetcatalog; path = Images.xcassets; sourceTree = "<group>"; };
		B47C3DE71A94531900F41A9D /* Base */ = {isa = PBXFileReference; lastKnownFileType = file.xib; name = Base; path = Base.lproj/LaunchScreen.xib; sourceTree = "<group>"; };
		B47C3DED1A94531900F41A9D /* Pack-it_solverTests.xctest */ = {isa = PBXFileReference; explicitFileType = wrapper.cfbundle; includeInIndex = 0; path = "Pack-it_solverTests.xctest"; sourceTree = BUILT_PRODUCTS_DIR; };
		B47C3DF21A94531A00F41A9D /* Info.plist */ = {isa = PBXFileReference; lastKnownFileType = text.plist.xml; path = Info.plist; sourceTree = "<group>"; };
		B47C3DF31A94531A00F41A9D /* Pack_it_solverTests.m */ = {isa = PBXFileReference; lastKnownFileType = sourcecode.c.objc; path = Pack_it_solverTests.m; sourceTree = "<group>"; };
/* End PBXFileReference section */

/* Begin PBXFrameworksBuildPhase section */
		B47C3DCE1A94531900F41A9D /* Frameworks */ = {
			isa = PBXFrameworksBuildPhase;
			buildActionMask = 2147483647;
			files = (
			);
			runOnlyForDeploymentPostprocessing = 0;
		};
		B47C3DEA1A94531900F41A9D /* Frameworks */ = {
			isa = PBXFrameworksBuildPhase;
			buildActionMask = 2147483647;
			files = (
			);
			runOnlyForDeploymentPostprocessing = 0;
		};
/* End PBXFrameworksBuildPhase section */

/* Begin PBXGroup section */
		B47C3DC81A94531900F41A9D = {
			isa = PBXGroup;
			children = (
				B47C3DD31A94531900F41A9D /* Pack-it_solver */,
				B47C3DF01A94531A00F41A9D /* Pack-it_solverTests */,
				B47C3DD21A94531900F41A9D /* Products */,
			);
			sourceTree = "<group>";
		};
		B47C3DD21A94531900F41A9D /* Products */ = {
			isa = PBXGroup;
			children = (
				B47C3DD11A94531900F41A9D /* Pack-it_solver.app */,
				B47C3DED1A94531900F41A9D /* Pack-it_solverTests.xctest */,
			);
			name = Products;
			sourceTree = "<group>";
		};
		B47C3DD31A94531900F41A9D /* Pack-it_solver */ = {
			isa = PBXGroup;
			children = (
				B47C3DD81A94531900F41A9D /* AppDelegate.h */,
				B47C3DD91A94531900F41A9D /* AppDelegate.m */,
				B47C3DDB1A94531900F41A9D /* ProblemsViewController.h */,
				B47C3DDC1A94531900F41A9D /* ProblemsViewController.m */,
				B47C3DDE1A94531900F41A9D /* SecondViewController.h */,
				B47C3DDF1A94531900F41A9D /* SecondViewController.m */,
				B47C3DE11A94531900F41A9D /* Main.storyboard */,
				B47C3DE41A94531900F41A9D /* Images.xcassets */,
				B47C3DE61A94531900F41A9D /* LaunchScreen.xib */,
				B47C3DD41A94531900F41A9D /* Supporting Files */,
			);
			path = "Pack-it_solver";
			sourceTree = "<group>";
		};
		B47C3DD41A94531900F41A9D /* Supporting Files */ = {
			isa = PBXGroup;
			children = (
				B47C3DD51A94531900F41A9D /* Info.plist */,
				B47C3DD61A94531900F41A9D /* main.m */,
			);
			name = "Supporting Files";
			sourceTree = "<group>";
		};
		B47C3DF01A94531A00F41A9D /* Pack-it_solverTests */ = {
			isa = PBXGroup;
			children = (
				B47C3DF31A94531A00F41A9D /* Pack_it_solverTests.m */,
				B47C3DF11A94531A00F41A9D /* Supporting Files */,
			);
			path = "Pack-it_solverTests";
			sourceTree = "<group>";
		};
		B47C3DF11A94531A00F41A9D /* Supporting Files */ = {
			isa = PBXGroup;
			children = (
				B47C3DF21A94531A00F41A9D /* Info.plist */,
			);
			name = "Supporting Files";
			sourceTree = "<group>";
		};
/* End PBXGroup section */

/* Begin PBXNativeTarget section */
		B47C3DD01A94531900F41A9D /* Pack-it_solver */ = {
			isa = PBXNativeTarget;
			buildConfigurationList = B47C3DF71A94531A00F41A9D /* Build configuration list for PBXNativeTarget "Pack-it_solver" */;
			buildPhases = (
				B47C3DCD1A94531900F41A9D /* Sources */,
				B47C3DCE1A94531900F41A9D /* Frameworks */,
				B47C3DCF1A94531900F41A9D /* Resources */,
			);
			buildRules = (
			);
			dependencies = (
			);
			name = "Pack-it_solver";
			productName = "Pack-it_solver";
			productReference = B47C3DD11A94531900F41A9D /* Pack-it_solver.app */;
			productType = "com.apple.product-type.application";
		};
		B47C3DEC1A94531900F41A9D /* Pack-it_solverTests */ = {
			isa = PBXNativeTarget;
			buildConfigurationList = B47C3DFA1A94531A00F41A9D /* Build configuration list for PBXNativeTarget "Pack-it_solverTests" */;
			buildPhases = (
				B47C3DE91A94531900F41A9D /* Sources */,
				B47C3DEA1A94531900F41A9D /* Frameworks */,
				B47C3DEB1A94531900F41A9D /* Resources */,
			);
			buildRules = (
			);
			dependencies = (
				B47C3DEF1A94531900F41A9D /* PBXTargetDependency */,
			);
			name = "Pack-it_solverTests";
			productName = "Pack-it_solverTests";
			productReference = B47C3DED1A94531900F41A9D /* Pack-it_solverTests.xctest */;
			productType = "com.apple.product-type.bundle.unit-test";
		};
/* End PBXNativeTarget section */

/* Begin PBXProject section */
		B47C3DC91A94531900F41A9D /* Project object */ = {
			isa = PBXProject;
			attributes = {
				LastUpgradeCheck = 0610;
				ORGANIZATIONNAME = Jiyang;
				TargetAttributes = {
					B47C3DD01A94531900F41A9D = {
						CreatedOnToolsVersion = 6.1.1;
					};
					B47C3DEC1A94531900F41A9D = {
						CreatedOnToolsVersion = 6.1.1;
						TestTargetID = B47C3DD01A94531900F41A9D;
					};
				};
			};
			buildConfigurationList = B47C3DCC1A94531900F41A9D /* Build configuration list for PBXProject "Pack-it_solver" */;
			compatibilityVersion = "Xcode 3.2";
			developmentRegion = English;
			hasScannedForEncodings = 0;
			knownRegions = (
				en,
				Base,
			);
			mainGroup = B47C3DC81A94531900F41A9D;
			productRefGroup = B47C3DD21A94531900F41A9D /* Products */;
			projectDirPath = "";
			projectRoot = "";
			targets = (
				B47C3DD01A94531900F41A9D /* Pack-it_solver */,
				B47C3DEC1A94531900F41A9D /* Pack-it_solverTests */,
			);
		};
/* End PBXProject section */

/* Begin PBXResourcesBuildPhase section */
		B47C3DCF1A94531900F41A9D /* Resources */ = {
			isa = PBXResourcesBuildPhase;
			buildActionMask = 2147483647;
			files = (
				B47C3DE31A94531900F41A9D /* Main.storyboard in Resources */,
				B47C3DE81A94531900F41A9D /* LaunchScreen.xib in Resources */,
				B47C3DE51A94531900F41A9D /* Images.xcassets in Resources */,
			);
			runOnlyForDeploymentPostprocessing = 0;
		};
		B47C3DEB1A94531900F41A9D /* Resources */ = {
			isa = PBXResourcesBuildPhase;
			buildActionMask = 2147483647;
			files = (
			);
			runOnlyForDeploymentPostprocessing = 0;
		};
/* End PBXResourcesBuildPhase section */

/* Begin PBXSourcesBuildPhase section */
		B47C3DCD1A94531900F41A9D /* Sources */ = {
			isa = PBXSourcesBuildPhase;
			buildActionMask = 2147483647;
			files = (
				B47C3DE01A94531900F41A9D /* SecondViewController.m in Sources */,
				B47C3DDA1A94531900F41A9D /* AppDelegate.m in Sources */,
				B47C3DDD1A94531900F41A9D /* ProblemsViewController.m in Sources */,
				B47C3DD71A94531900F41A9D /* main.m in Sources */,
			);
			runOnlyForDeploymentPostprocessing = 0;
		};
		B47C3DE91A94531900F41A9D /* Sources */ = {
			isa = PBXSourcesBuildPhase;
			buildActionMask = 2147483647;
			files = (
				B47C3DF41A94531A00F41A9D /* Pack_it_solverTests.m in Sources */,
			);
			runOnlyForDeploymentPostprocessing = 0;
		};
/* End PBXSourcesBuildPhase section */

/* Begin PBXTargetDependency section */
		B47C3DEF1A94531900F41A9D /* PBXTargetDependency */ = {
			isa = PBXTargetDependency;
			target = B47C3DD01A94531900F41A9D /* Pack-it_solver */;
			targetProxy = B47C3DEE1A94531900F41A9D /* PBXContainerItemProxy */;
		};
/* End PBXTargetDependency section */

/* Begin PBXVariantGroup section */
		B47C3DE11A94531900F41A9D /* Main.storyboard */ = {
			isa = PBXVariantGroup;
			children = (
				B47C3DE21A94531900F41A9D /* Base */,
			);
			name = Main.storyboard;
			sourceTree = "<group>";
		};
		B47C3DE61A94531900F41A9D /* LaunchScreen.xib */ = {
			isa = PBXVariantGroup;
			children = (
				B47C3DE71A94531900F41A9D /* Base */,
			);
			name = LaunchScreen.xib;
			sourceTree = "<group>";
		};
/* End PBXVariantGroup section */

/* Begin XCBuildConfiguration section */
		B47C3DF51A94531A00F41A9D /* Debug */ = {
			isa = XCBuildConfiguration;
			buildSettings = {
				ALWAYS_SEARCH_USER_PATHS = NO;
				CLANG_CXX_LANGUAGE_STANDARD = "gnu++0x";
				CLANG_CXX_LIBRARY = "libc++";
				CLANG_ENABLE_MODULES = YES;
				CLANG_ENABLE_OBJC_ARC = YES;
				CLANG_WARN_BOOL_CONVERSION = YES;
				CLANG_WARN_CONSTANT_CONVERSION = YES;
				CLANG_WARN_DIRECT_OBJC_ISA_USAGE = YES_ERROR;
				CLANG_WARN_EMPTY_BODY = YES;
				CLANG_WARN_ENUM_CONVERSION = YES;
				CLANG_WARN_INT_CONVERSION = YES;
				CLANG_WARN_OBJC_ROOT_CLASS = YES_ERROR;
				CLANG_WARN_UNREACHABLE_CODE = YES;
				CLANG_WARN__DUPLICATE_METHOD_MATCH = YES;
				"CODE_SIGN_IDENTITY[sdk=iphoneos*]" = "iPhone Developer";
				COPY_PHASE_STRIP = NO;
				ENABLE_STRICT_OBJC_MSGSEND = YES;
				GCC_C_LANGUAGE_STANDARD = gnu99;
				GCC_DYNAMIC_NO_PIC = NO;
				GCC_OPTIMIZATION_LEVEL = 0;
				GCC_PREPROCESSOR_DEFINITIONS = (
					"DEBUG=1",
					"$(inherited)",
				);
				GCC_SYMBOLS_PRIVATE_EXTERN = NO;
				GCC_WARN_64_TO_32_BIT_CONVERSION = YES;
				GCC_WARN_ABOUT_RETURN_TYPE = YES_ERROR;
				GCC_WARN_UNDECLARED_SELECTOR = YES;
				GCC_WARN_UNINITIALIZED_AUTOS = YES_AGGRESSIVE;
				GCC_WARN_UNUSED_FUNCTION = YES;
				GCC_WARN_UNUSED_VARIABLE = YES;
				IPHONEOS_DEPLOYMENT_TARGET = 8.1;
				MTL_ENABLE_DEBUG_INFO = YES;
				ONLY_ACTIVE_ARCH = YES;
				SDKROOT = iphoneos;
			};
			name = Debug;
		};
		B47C3DF61A94531A00F41A9D /* Release */ = {
			isa = XCBuildConfiguration;
			buildSettings = {
				ALWAYS_SEARCH_USER_PATHS = NO;
				CLANG_CXX_LANGUAGE_STANDARD = "gnu++0x";
				CLANG_CXX_LIBRARY = "libc++";
				CLANG_ENABLE_MODULES = YES;
				CLANG_ENABLE_OBJC_ARC = YES;
				CLANG_WARN_BOOL_CONVERSION = YES;
				CLANG_WARN_CONSTANT_CONVERSION = YES;
				CLANG_WARN_DIRECT_OBJC_ISA_USAGE = YES_ERROR;
				CLANG_WARN_EMPTY_BODY = YES;
				CLANG_WARN_ENUM_CONVERSION = YES;
				CLANG_WARN_INT_CONVERSION = YES;
				CLANG_WARN_OBJC_ROOT_CLASS = YES_ERROR;
				CLANG_WARN_UNREACHABLE_CODE = YES;
				CLANG_WARN__DUPLICATE_METHOD_MATCH = YES;
				"CODE_SIGN_IDENTITY[sdk=iphoneos*]" = "iPhone Developer";
				COPY_PHASE_STRIP = YES;
				ENABLE_NS_ASSERTIONS = NO;
				ENABLE_STRICT_OBJC_MSGSEND = YES;
				GCC_C_LANGUAGE_STANDARD = gnu99;
				GCC_WARN_64_TO_32_BIT_CONVERSION = YES;
				GCC_WARN_ABOUT_RETURN_TYPE = YES_ERROR;
				GCC_WARN_UNDECLARED_SELECTOR = YES;
				GCC_WARN_UNINITIALIZED_AUTOS = YES_AGGRESSIVE;
				GCC_WARN_UNUSED_FUNCTION = YES;
				GCC_WARN_UNUSED_VARIABLE = YES;
				IPHONEOS_DEPLOYMENT_TARGET = 8.1;
				MTL_ENABLE_DEBUG_INFO = NO;
				SDKROOT = iphoneos;
				VALIDATE_PRODUCT = YES;
			};
			name = Release;
		};
		B47C3DF81A94531A00F41A9D /* Debug */ = {
			isa = XCBuildConfiguration;
			buildSettings = {
				ASSETCATALOG_COMPILER_APPICON_NAME = AppIcon;
				INFOPLIST_FILE = "Pack-it_solver/Info.plist";
				LD_RUNPATH_SEARCH_PATHS = "$(inherited) @executable_path/Frameworks";
				PRODUCT_NAME = "$(TARGET_NAME)";
			};
			name = Debug;
		};
		B47C3DF91A94531A00F41A9D /* Release */ = {
			isa = XCBuildConfiguration;
			buildSettings = {
				ASSETCATALOG_COMPILER_APPICON_NAME = AppIcon;
				INFOPLIST_FILE = "Pack-it_solver/Info.plist";
				LD_RUNPATH_SEARCH_PATHS = "$(inherited) @executable_path/Frameworks";
				PRODUCT_NAME = "$(TARGET_NAME)";
			};
			name = Release;
		};
		B47C3DFB1A94531A00F41A9D /* Debug */ = {
			isa = XCBuildConfiguration;
			buildSettings = {
				BUNDLE_LOADER = "$(TEST_HOST)";
				FRAMEWORK_SEARCH_PATHS = (
					"$(SDKROOT)/Developer/Library/Frameworks",
					"$(inherited)",
				);
				GCC_PREPROCESSOR_DEFINITIONS = (
					"DEBUG=1",
					"$(inherited)",
				);
				INFOPLIST_FILE = "Pack-it_solverTests/Info.plist";
				LD_RUNPATH_SEARCH_PATHS = "$(inherited) @executable_path/Frameworks @loader_path/Frameworks";
				PRODUCT_NAME = "$(TARGET_NAME)";
				TEST_HOST = "$(BUILT_PRODUCTS_DIR)/Pack-it_solver.app/Pack-it_solver";
			};
			name = Debug;
		};
		B47C3DFC1A94531A00F41A9D /* Release */ = {
			isa = XCBuildConfiguration;
			buildSettings = {
				BUNDLE_LOADER = "$(TEST_HOST)";
				FRAMEWORK_SEARCH_PATHS = (
					"$(SDKROOT)/Developer/Library/Frameworks",
					"$(inherited)",
				);
				INFOPLIST_FILE = "Pack-it_solverTests/Info.plist";
				LD_RUNPATH_SEARCH_PATHS = "$(inherited) @executable_path/Frameworks @loader_path/Frameworks";
				PRODUCT_NAME = "$(TARGET_NAME)";
				TEST_HOST = "$(BUILT_PRODUCTS_DIR)/Pack-it_solver.app/Pack-it_solver";
			};
			name = Release;
		};
/* End XCBuildConfiguration section */

/* Begin XCConfigurationList section */
		B47C3DCC1A94531900F41A9D /* Build configuration list for PBXProject "Pack-it_solver" */ = {
			isa = XCConfigurationList;
			buildConfigurations = (
				B47C3DF51A94531A00F41A9D /* Debug */,
				B47C3DF61A94531A00F41A9D /* Release */,
			);
			defaultConfigurationIsVisible = 0;
			defaultConfigurationName = Release;
		};
		B47C3DF71A94531A00F41A9D /* Build configuration list for PBXNativeTarget "Pack-it_solver" */ = {
			isa = XCConfigurationList;
			buildConfigurations = (
				B47C3DF81A94531A00F41A9D /* Debug */,
				B47C3DF91A94531A00F41A9D /* Release */,
			);
			defaultConfigurationIsVisible = 0;
			defaultConfigurationName = Release;
		};
		B47C3DFA1A94531A00F41A9D /* Build configuration list for PBXNativeTarget "Pack-it_solverTests" */ = {
			isa = XCConfigurationList;
			buildConfigurations = (
				B47C3DFB1A94531A00F41A9D /* Debug */,
				B47C3DFC1A94531A00F41A9D /* Release */,
			);
			defaultConfigurationIsVisible = 0;
			defaultConfigurationName = Release;
		};
/* End XCConfigurationList section */
	};
	rootObject = B47C3DC91A94531900F41A9D /* Project object */;
}
