// !$*UTF8*$!
{
	archiveVersion = 1;
	classes = {
	};
	objectVersion = 46;
	objects = {

/* Begin PBXBuildFile section */
		B411FD7B1AA439F8006E60F8 /* PXShop.m in Sources */ = {isa = PBXBuildFile; fileRef = B411FD7A1AA439F8006E60F8 /* PXShop.m */; };
		B41782791AA98EFC009E8437 /* NaviViewController.mm in Sources */ = {isa = PBXBuildFile; fileRef = B41782781AA98EFC009E8437 /* NaviViewController.mm */; };
		B41782BE1AA99256009E8437 /* QuartzCore.framework in Frameworks */ = {isa = PBXBuildFile; fileRef = B41782BD1AA99256009E8437 /* QuartzCore.framework */; };
		B41782C01AA99260009E8437 /* OpenGLES.framework in Frameworks */ = {isa = PBXBuildFile; fileRef = B41782BF1AA99260009E8437 /* OpenGLES.framework */; };
		B41782C31AA99EC9009E8437 /* libbaidumapapi.a in Frameworks */ = {isa = PBXBuildFile; fileRef = B41782C21AA99EC9009E8437 /* libbaidumapapi.a */; };
		B41783031AA9A066009E8437 /* mapapi.bundle in Resources */ = {isa = PBXBuildFile; fileRef = B41783021AA9A066009E8437 /* mapapi.bundle */; };
		B41783051AA9A0AA009E8437 /* MessageUI.framework in Frameworks */ = {isa = PBXBuildFile; fileRef = B41783041AA9A0AA009E8437 /* MessageUI.framework */; };
		B41783081AA9A362009E8437 /* UIImage+Rotate.m in Sources */ = {isa = PBXBuildFile; fileRef = B41783071AA9A362009E8437 /* UIImage+Rotate.m */; };
		B44FBCB11A9C6C5800AFB3AC /* PXAccountHolder.m in Sources */ = {isa = PBXBuildFile; fileRef = B44FBCB01A9C6C5800AFB3AC /* PXAccountHolder.m */; };
		B44FBCB31A9C6D6D00AFB3AC /* bg.png in Resources */ = {isa = PBXBuildFile; fileRef = B44FBCB21A9C6D6D00AFB3AC /* bg.png */; };
		B44FBCB51A9C6DC700AFB3AC /* defult_portraiture.png in Resources */ = {isa = PBXBuildFile; fileRef = B44FBCB41A9C6DC700AFB3AC /* defult_portraiture.png */; };
		B44FBD331A9C73A900AFB3AC /* libOAuth2Client.a in Frameworks */ = {isa = PBXBuildFile; fileRef = B44FBD2E1A9C739500AFB3AC /* libOAuth2Client.a */; };
		B44FBD351A9C740C00AFB3AC /* Security.framework in Frameworks */ = {isa = PBXBuildFile; fileRef = B44FBD341A9C740C00AFB3AC /* Security.framework */; };
		B44FBD391A9C76FF00AFB3AC /* LoginViewController.m in Sources */ = {isa = PBXBuildFile; fileRef = B44FBD371A9C76FF00AFB3AC /* LoginViewController.m */; };
		B44FBD3A1A9C76FF00AFB3AC /* LoginViewController.xib in Resources */ = {isa = PBXBuildFile; fileRef = B44FBD381A9C76FF00AFB3AC /* LoginViewController.xib */; };
		B44FBD411A9C771B00AFB3AC /* RegisterViewController.m in Sources */ = {isa = PBXBuildFile; fileRef = B44FBD3C1A9C771B00AFB3AC /* RegisterViewController.m */; };
		B44FBD421A9C771B00AFB3AC /* RegisterViewController.xib in Resources */ = {isa = PBXBuildFile; fileRef = B44FBD3D1A9C771B00AFB3AC /* RegisterViewController.xib */; };
		B44FBD431A9C771B00AFB3AC /* SetPasswordViewController.m in Sources */ = {isa = PBXBuildFile; fileRef = B44FBD3F1A9C771B00AFB3AC /* SetPasswordViewController.m */; };
		B44FBD441A9C771B00AFB3AC /* SetPasswordViewController.xib in Resources */ = {isa = PBXBuildFile; fileRef = B44FBD401A9C771B00AFB3AC /* SetPasswordViewController.xib */; };
		B453CDB91AA1C37600854D2A /* UIViewController+Alert.m in Sources */ = {isa = PBXBuildFile; fileRef = B453CDB81AA1C37600854D2A /* UIViewController+Alert.m */; };
		B453CDBF1AA1C40300854D2A /* AlertViewHolder.m in Sources */ = {isa = PBXBuildFile; fileRef = B453CDBE1AA1C40300854D2A /* AlertViewHolder.m */; };
		B453CDC11AA1E23500854D2A /* SDWebImage.framework in Frameworks */ = {isa = PBXBuildFile; fileRef = B453CDC01AA1E23500854D2A /* SDWebImage.framework */; };
		B453CDC31AA1E26100854D2A /* ImageIO.framework in Frameworks */ = {isa = PBXBuildFile; fileRef = B453CDC21AA1E26100854D2A /* ImageIO.framework */; };
		B47C3DA21A9452A400F41A9D /* main.m in Sources */ = {isa = PBXBuildFile; fileRef = B47C3DA11A9452A400F41A9D /* main.m */; };
		B47C3DA51A9452A400F41A9D /* AppDelegate.m in Sources */ = {isa = PBXBuildFile; fileRef = B47C3DA41A9452A400F41A9D /* AppDelegate.m */; };
		B47C3DA81A9452A400F41A9D /* ProblemsViewController.m in Sources */ = {isa = PBXBuildFile; fileRef = B47C3DA71A9452A400F41A9D /* ProblemsViewController.m */; };
		B47C3DAB1A9452A400F41A9D /* SecondViewController.m in Sources */ = {isa = PBXBuildFile; fileRef = B47C3DAA1A9452A400F41A9D /* SecondViewController.m */; };
		B47C3DAE1A9452A400F41A9D /* Main.storyboard in Resources */ = {isa = PBXBuildFile; fileRef = B47C3DAC1A9452A400F41A9D /* Main.storyboard */; };
		B47C3DB01A9452A400F41A9D /* Images.xcassets in Resources */ = {isa = PBXBuildFile; fileRef = B47C3DAF1A9452A400F41A9D /* Images.xcassets */; };
		B47C3DB31A9452A400F41A9D /* LaunchScreen.xib in Resources */ = {isa = PBXBuildFile; fileRef = B47C3DB11A9452A400F41A9D /* LaunchScreen.xib */; };
		B47C3DBF1A9452A400F41A9D /* Pack_it_seekerTests.m in Sources */ = {isa = PBXBuildFile; fileRef = B47C3DBE1A9452A400F41A9D /* Pack_it_seekerTests.m */; };
		B4CC9D3B1AA4504A00135B29 /* PXCategory.m in Sources */ = {isa = PBXBuildFile; fileRef = B4CC9D3A1AA4504A00135B29 /* PXCategory.m */; };
		B4CC9D7B1AA4A11C00135B29 /* AFHTTPRequestOperation.m in Sources */ = {isa = PBXBuildFile; fileRef = B4CC9D641AA4A11C00135B29 /* AFHTTPRequestOperation.m */; };
		B4CC9D7C1AA4A11C00135B29 /* AFHTTPRequestOperationManager.m in Sources */ = {isa = PBXBuildFile; fileRef = B4CC9D661AA4A11C00135B29 /* AFHTTPRequestOperationManager.m */; };
		B4CC9D7D1AA4A11C00135B29 /* AFHTTPSessionManager.m in Sources */ = {isa = PBXBuildFile; fileRef = B4CC9D681AA4A11C00135B29 /* AFHTTPSessionManager.m */; };
		B4CC9D7E1AA4A11C00135B29 /* AFNetworkReachabilityManager.m in Sources */ = {isa = PBXBuildFile; fileRef = B4CC9D6B1AA4A11C00135B29 /* AFNetworkReachabilityManager.m */; };
		B4CC9D7F1AA4A11C00135B29 /* AFHTTPRequestSerializer+OAuth2.m in Sources */ = {isa = PBXBuildFile; fileRef = B4CC9D6E1AA4A11C00135B29 /* AFHTTPRequestSerializer+OAuth2.m */; };
		B4CC9D801AA4A11C00135B29 /* AFOAuth2Manager.m in Sources */ = {isa = PBXBuildFile; fileRef = B4CC9D701AA4A11C00135B29 /* AFOAuth2Manager.m */; };
		B4CC9D811AA4A11C00135B29 /* AFSecurityPolicy.m in Sources */ = {isa = PBXBuildFile; fileRef = B4CC9D721AA4A11C00135B29 /* AFSecurityPolicy.m */; };
		B4CC9D821AA4A11C00135B29 /* AFURLConnectionOperation.m in Sources */ = {isa = PBXBuildFile; fileRef = B4CC9D741AA4A11C00135B29 /* AFURLConnectionOperation.m */; };
		B4CC9D831AA4A11C00135B29 /* AFURLRequestSerialization.m in Sources */ = {isa = PBXBuildFile; fileRef = B4CC9D761AA4A11C00135B29 /* AFURLRequestSerialization.m */; };
		B4CC9D841AA4A11C00135B29 /* AFURLResponseSerialization.m in Sources */ = {isa = PBXBuildFile; fileRef = B4CC9D781AA4A11C00135B29 /* AFURLResponseSerialization.m */; };
		B4CC9D851AA4A11C00135B29 /* AFURLSessionManager.m in Sources */ = {isa = PBXBuildFile; fileRef = B4CC9D7A1AA4A11C00135B29 /* AFURLSessionManager.m */; };
		B4CC9D891AA4A2E400135B29 /* MBProgressHUD.m in Sources */ = {isa = PBXBuildFile; fileRef = B4CC9D881AA4A2E400135B29 /* MBProgressHUD.m */; };
		B4CC9D8B1AA4A65700135B29 /* CoreGraphics.framework in Frameworks */ = {isa = PBXBuildFile; fileRef = B4CC9D8A1AA4A65700135B29 /* CoreGraphics.framework */; };
		B4D77D381A96143000C4ACA5 /* PXProblem.m in Sources */ = {isa = PBXBuildFile; fileRef = B4D77D371A96143000C4ACA5 /* PXProblem.m */; };
		B4D77D3B1A96144000C4ACA5 /* PXSolution.m in Sources */ = {isa = PBXBuildFile; fileRef = B4D77D3A1A96144000C4ACA5 /* PXSolution.m */; };
		B4D77D3E1A9615C400C4ACA5 /* PXTag.m in Sources */ = {isa = PBXBuildFile; fileRef = B4D77D3D1A9615C400C4ACA5 /* PXTag.m */; };
		B4D77D401A96160200C4ACA5 /* CoreLocation.framework in Frameworks */ = {isa = PBXBuildFile; fileRef = B4D77D3F1A96160200C4ACA5 /* CoreLocation.framework */; };
		B4D77D421A96161A00C4ACA5 /* Foundation.framework in Frameworks */ = {isa = PBXBuildFile; fileRef = B4D77D411A96161A00C4ACA5 /* Foundation.framework */; };
		B4D77D441A96161F00C4ACA5 /* UIKit.framework in Frameworks */ = {isa = PBXBuildFile; fileRef = B4D77D431A96161F00C4ACA5 /* UIKit.framework */; };
		B4D77D601A9618A000C4ACA5 /* JSONModel.m in Sources */ = {isa = PBXBuildFile; fileRef = B4D77D491A9618A000C4ACA5 /* JSONModel.m */; };
		B4D77D611A9618A000C4ACA5 /* JSONModelArray.m in Sources */ = {isa = PBXBuildFile; fileRef = B4D77D4B1A9618A000C4ACA5 /* JSONModelArray.m */; };
		B4D77D621A9618A000C4ACA5 /* JSONModelClassProperty.m in Sources */ = {isa = PBXBuildFile; fileRef = B4D77D4D1A9618A000C4ACA5 /* JSONModelClassProperty.m */; };
		B4D77D631A9618A000C4ACA5 /* JSONModelError.m in Sources */ = {isa = PBXBuildFile; fileRef = B4D77D4F1A9618A000C4ACA5 /* JSONModelError.m */; };
		B4D77D641A9618A000C4ACA5 /* NSArray+JSONModel.m in Sources */ = {isa = PBXBuildFile; fileRef = B4D77D521A9618A000C4ACA5 /* NSArray+JSONModel.m */; };
		B4D77D651A9618A000C4ACA5 /* JSONAPI.m in Sources */ = {isa = PBXBuildFile; fileRef = B4D77D561A9618A000C4ACA5 /* JSONAPI.m */; };
		B4D77D661A9618A000C4ACA5 /* JSONHTTPClient.m in Sources */ = {isa = PBXBuildFile; fileRef = B4D77D581A9618A000C4ACA5 /* JSONHTTPClient.m */; };
		B4D77D671A9618A000C4ACA5 /* JSONModel+networking.m in Sources */ = {isa = PBXBuildFile; fileRef = B4D77D5A1A9618A000C4ACA5 /* JSONModel+networking.m */; };
		B4D77D681A9618A000C4ACA5 /* JSONKeyMapper.m in Sources */ = {isa = PBXBuildFile; fileRef = B4D77D5D1A9618A000C4ACA5 /* JSONKeyMapper.m */; };
		B4D77D691A9618A000C4ACA5 /* JSONValueTransformer.m in Sources */ = {isa = PBXBuildFile; fileRef = B4D77D5F1A9618A000C4ACA5 /* JSONValueTransformer.m */; };
		B4D77D6B1A9618AE00C4ACA5 /* SystemConfiguration.framework in Frameworks */ = {isa = PBXBuildFile; fileRef = B4D77D6A1A9618AE00C4ACA5 /* SystemConfiguration.framework */; };
		B4D77D6E1A961E6E00C4ACA5 /* PXNetworkManager.m in Sources */ = {isa = PBXBuildFile; fileRef = B4D77D6D1A961E6E00C4ACA5 /* PXNetworkManager.m */; };
		B4D77D731A96245300C4ACA5 /* PXProblemTableViewCell.m in Sources */ = {isa = PBXBuildFile; fileRef = B4D77D711A96245300C4ACA5 /* PXProblemTableViewCell.m */; };
		B4D77D781A9625ED00C4ACA5 /* PXSolutionTableViewCell.m in Sources */ = {isa = PBXBuildFile; fileRef = B4D77D761A9625ED00C4ACA5 /* PXSolutionTableViewCell.m */; };
		B4D77D791A9625ED00C4ACA5 /* PXSolutionTableViewCell.xib in Resources */ = {isa = PBXBuildFile; fileRef = B4D77D771A9625ED00C4ACA5 /* PXSolutionTableViewCell.xib */; };
		B4D77D7C1A9626CE00C4ACA5 /* SolutionsTableViewController.m in Sources */ = {isa = PBXBuildFile; fileRef = B4D77D7B1A9626CE00C4ACA5 /* SolutionsTableViewController.m */; };
		B4D77D7F1A96270F00C4ACA5 /* SolutionDetailViewController.m in Sources */ = {isa = PBXBuildFile; fileRef = B4D77D7E1A96270F00C4ACA5 /* SolutionDetailViewController.m */; };
		B4D77D871A96422000C4ACA5 /* add_image_default.png in Resources */ = {isa = PBXBuildFile; fileRef = B4D77D861A96422000C4ACA5 /* add_image_default.png */; };
		B4D77D8C1A96438500C4ACA5 /* NewProblemViewController.m in Sources */ = {isa = PBXBuildFile; fileRef = B4D77D8B1A96438500C4ACA5 /* NewProblemViewController.m */; };
/* End PBXBuildFile section */

/* Begin PBXContainerItemProxy section */
		B44FBD2B1A9C739500AFB3AC /* PBXContainerItemProxy */ = {
			isa = PBXContainerItemProxy;
			containerPortal = B44FBD251A9C739500AFB3AC /* OAuth2Client.xcodeproj */;
			proxyType = 2;
			remoteGlobalIDString = 942FFCD612315E0A00E6C65E;
			remoteInfo = OAuth2Client.framework;
		};
		B44FBD2D1A9C739500AFB3AC /* PBXContainerItemProxy */ = {
			isa = PBXContainerItemProxy;
			containerPortal = B44FBD251A9C739500AFB3AC /* OAuth2Client.xcodeproj */;
			proxyType = 2;
			remoteGlobalIDString = D2AAC07E0554694100DB518D;
			remoteInfo = OAuth2Client;
		};
		B44FBD2F1A9C739500AFB3AC /* PBXContainerItemProxy */ = {
			isa = PBXContainerItemProxy;
			containerPortal = B44FBD251A9C739500AFB3AC /* OAuth2Client.xcodeproj */;
			proxyType = 2;
			remoteGlobalIDString = 94B6CE6619C1D0A200AA859B;
			remoteInfo = OAuth2ClientTests;
		};
		B44FBD311A9C73A600AFB3AC /* PBXContainerItemProxy */ = {
			isa = PBXContainerItemProxy;
			containerPortal = B44FBD251A9C739500AFB3AC /* OAuth2Client.xcodeproj */;
			proxyType = 1;
			remoteGlobalIDString = D2AAC07D0554694100DB518D;
			remoteInfo = OAuth2Client;
		};
		B47C3DB91A9452A400F41A9D /* PBXContainerItemProxy */ = {
			isa = PBXContainerItemProxy;
			containerPortal = B47C3D941A9452A400F41A9D /* Project object */;
			proxyType = 1;
			remoteGlobalIDString = B47C3D9B1A9452A400F41A9D;
			remoteInfo = "Pack-it_seeker";
		};
/* End PBXContainerItemProxy section */

/* Begin PBXFileReference section */
		B411FD791AA439F8006E60F8 /* PXShop.h */ = {isa = PBXFileReference; fileEncoding = 4; lastKnownFileType = sourcecode.c.h; path = PXShop.h; sourceTree = "<group>"; };
		B411FD7A1AA439F8006E60F8 /* PXShop.m */ = {isa = PBXFileReference; fileEncoding = 4; lastKnownFileType = sourcecode.c.objc; path = PXShop.m; sourceTree = "<group>"; };
		B41782771AA98EFC009E8437 /* NaviViewController.h */ = {isa = PBXFileReference; fileEncoding = 4; lastKnownFileType = sourcecode.c.h; path = NaviViewController.h; sourceTree = "<group>"; };
		B41782781AA98EFC009E8437 /* NaviViewController.mm */ = {isa = PBXFileReference; fileEncoding = 4; lastKnownFileType = sourcecode.cpp.objcpp; path = NaviViewController.mm; sourceTree = "<group>"; };
		B41782BD1AA99256009E8437 /* QuartzCore.framework */ = {isa = PBXFileReference; lastKnownFileType = wrapper.framework; name = QuartzCore.framework; path = System/Library/Frameworks/QuartzCore.framework; sourceTree = SDKROOT; };
		B41782BF1AA99260009E8437 /* OpenGLES.framework */ = {isa = PBXFileReference; lastKnownFileType = wrapper.framework; name = OpenGLES.framework; path = System/Library/Frameworks/OpenGLES.framework; sourceTree = SDKROOT; };
		B41782C21AA99EC9009E8437 /* libbaidumapapi.a */ = {isa = PBXFileReference; lastKnownFileType = archive.ar; path = libbaidumapapi.a; sourceTree = "<group>"; };
		B41782C51AA9A066009E8437 /* BMapKit.h */ = {isa = PBXFileReference; fileEncoding = 4; lastKnownFileType = sourcecode.c.h; path = BMapKit.h; sourceTree = "<group>"; };
		B41782C61AA9A066009E8437 /* BMKActionPaopaoView.h */ = {isa = PBXFileReference; fileEncoding = 4; lastKnownFileType = sourcecode.c.h; path = BMKActionPaopaoView.h; sourceTree = "<group>"; };
		B41782C71AA9A066009E8437 /* BMKAnnotation.h */ = {isa = PBXFileReference; fileEncoding = 4; lastKnownFileType = sourcecode.c.h; path = BMKAnnotation.h; sourceTree = "<group>"; };
		B41782C81AA9A066009E8437 /* BMKAnnotationView.h */ = {isa = PBXFileReference; fileEncoding = 4; lastKnownFileType = sourcecode.c.h; path = BMKAnnotationView.h; sourceTree = "<group>"; };
		B41782C91AA9A066009E8437 /* BMKArcline.h */ = {isa = PBXFileReference; fileEncoding = 4; lastKnownFileType = sourcecode.c.h; path = BMKArcline.h; sourceTree = "<group>"; };
		B41782CA1AA9A066009E8437 /* BMKArclineView.h */ = {isa = PBXFileReference; fileEncoding = 4; lastKnownFileType = sourcecode.c.h; path = BMKArclineView.h; sourceTree = "<group>"; };
		B41782CB1AA9A066009E8437 /* BMKBaseComponent.h */ = {isa = PBXFileReference; fileEncoding = 4; lastKnownFileType = sourcecode.c.h; path = BMKBaseComponent.h; sourceTree = "<group>"; };
		B41782CC1AA9A066009E8437 /* BMKBusLineSearch.h */ = {isa = PBXFileReference; fileEncoding = 4; lastKnownFileType = sourcecode.c.h; path = BMKBusLineSearch.h; sourceTree = "<group>"; };
		B41782CD1AA9A066009E8437 /* BMKBusLineSearchOption.h */ = {isa = PBXFileReference; fileEncoding = 4; lastKnownFileType = sourcecode.c.h; path = BMKBusLineSearchOption.h; sourceTree = "<group>"; };
		B41782CE1AA9A066009E8437 /* BMKCircle.h */ = {isa = PBXFileReference; fileEncoding = 4; lastKnownFileType = sourcecode.c.h; path = BMKCircle.h; sourceTree = "<group>"; };
		B41782CF1AA9A066009E8437 /* BMKCircleView.h */ = {isa = PBXFileReference; fileEncoding = 4; lastKnownFileType = sourcecode.c.h; path = BMKCircleView.h; sourceTree = "<group>"; };
		B41782D01AA9A066009E8437 /* BMKCloudPOIList.h */ = {isa = PBXFileReference; fileEncoding = 4; lastKnownFileType = sourcecode.c.h; path = BMKCloudPOIList.h; sourceTree = "<group>"; };
		B41782D11AA9A066009E8437 /* BMKCloudSearch.h */ = {isa = PBXFileReference; fileEncoding = 4; lastKnownFileType = sourcecode.c.h; path = BMKCloudSearch.h; sourceTree = "<group>"; };
		B41782D21AA9A066009E8437 /* BMKCloudSearchComponent.h */ = {isa = PBXFileReference; fileEncoding = 4; lastKnownFileType = sourcecode.c.h; path = BMKCloudSearchComponent.h; sourceTree = "<group>"; };
		B41782D31AA9A066009E8437 /* BMKCloudSearchInfo.h */ = {isa = PBXFileReference; fileEncoding = 4; lastKnownFileType = sourcecode.c.h; path = BMKCloudSearchInfo.h; sourceTree = "<group>"; };
		B41782D41AA9A066009E8437 /* BMKGeneralDelegate.h */ = {isa = PBXFileReference; fileEncoding = 4; lastKnownFileType = sourcecode.c.h; path = BMKGeneralDelegate.h; sourceTree = "<group>"; };
		B41782D51AA9A066009E8437 /* BMKGeocodeSearch.h */ = {isa = PBXFileReference; fileEncoding = 4; lastKnownFileType = sourcecode.c.h; path = BMKGeocodeSearch.h; sourceTree = "<group>"; };
		B41782D61AA9A066009E8437 /* BMKGeocodeSearchOption.h */ = {isa = PBXFileReference; fileEncoding = 4; lastKnownFileType = sourcecode.c.h; path = BMKGeocodeSearchOption.h; sourceTree = "<group>"; };
		B41782D71AA9A066009E8437 /* BMKGeocodeType.h */ = {isa = PBXFileReference; fileEncoding = 4; lastKnownFileType = sourcecode.c.h; path = BMKGeocodeType.h; sourceTree = "<group>"; };
		B41782D81AA9A066009E8437 /* BMKGeometry.h */ = {isa = PBXFileReference; fileEncoding = 4; lastKnownFileType = sourcecode.c.h; path = BMKGeometry.h; sourceTree = "<group>"; };
		B41782D91AA9A066009E8437 /* BMKGradient.h */ = {isa = PBXFileReference; fileEncoding = 4; lastKnownFileType = sourcecode.c.h; path = BMKGradient.h; sourceTree = "<group>"; };
		B41782DA1AA9A066009E8437 /* BMKGroundOverlay.h */ = {isa = PBXFileReference; fileEncoding = 4; lastKnownFileType = sourcecode.c.h; path = BMKGroundOverlay.h; sourceTree = "<group>"; };
		B41782DB1AA9A066009E8437 /* BMKGroundOverlayView.h */ = {isa = PBXFileReference; fileEncoding = 4; lastKnownFileType = sourcecode.c.h; path = BMKGroundOverlayView.h; sourceTree = "<group>"; };
		B41782DC1AA9A066009E8437 /* BMKHeatMap.h */ = {isa = PBXFileReference; fileEncoding = 4; lastKnownFileType = sourcecode.c.h; path = BMKHeatMap.h; sourceTree = "<group>"; };
		B41782DD1AA9A066009E8437 /* BMKLocationComponent.h */ = {isa = PBXFileReference; fileEncoding = 4; lastKnownFileType = sourcecode.c.h; path = BMKLocationComponent.h; sourceTree = "<group>"; };
		B41782DE1AA9A066009E8437 /* BMKLocationService.h */ = {isa = PBXFileReference; fileEncoding = 4; lastKnownFileType = sourcecode.c.h; path = BMKLocationService.h; sourceTree = "<group>"; };
		B41782DF1AA9A066009E8437 /* BMKLocationViewDisplayParam.h */ = {isa = PBXFileReference; fileEncoding = 4; lastKnownFileType = sourcecode.c.h; path = BMKLocationViewDisplayParam.h; sourceTree = "<group>"; };
		B41782E01AA9A066009E8437 /* BMKMapComponent.h */ = {isa = PBXFileReference; fileEncoding = 4; lastKnownFileType = sourcecode.c.h; path = BMKMapComponent.h; sourceTree = "<group>"; };
		B41782E11AA9A066009E8437 /* BMKMapManager.h */ = {isa = PBXFileReference; fileEncoding = 4; lastKnownFileType = sourcecode.c.h; path = BMKMapManager.h; sourceTree = "<group>"; };
		B41782E21AA9A066009E8437 /* BMKMapStatus.h */ = {isa = PBXFileReference; fileEncoding = 4; lastKnownFileType = sourcecode.c.h; path = BMKMapStatus.h; sourceTree = "<group>"; };
		B41782E31AA9A066009E8437 /* BMKMapView.h */ = {isa = PBXFileReference; fileEncoding = 4; lastKnownFileType = sourcecode.c.h; path = BMKMapView.h; sourceTree = "<group>"; };
		B41782E41AA9A066009E8437 /* BMKMultiPoint.h */ = {isa = PBXFileReference; fileEncoding = 4; lastKnownFileType = sourcecode.c.h; path = BMKMultiPoint.h; sourceTree = "<group>"; };
		B41782E51AA9A066009E8437 /* BMKNavigation.h */ = {isa = PBXFileReference; fileEncoding = 4; lastKnownFileType = sourcecode.c.h; path = BMKNavigation.h; sourceTree = "<group>"; };
		B41782E61AA9A066009E8437 /* BMKOfflineMap.h */ = {isa = PBXFileReference; fileEncoding = 4; lastKnownFileType = sourcecode.c.h; path = BMKOfflineMap.h; sourceTree = "<group>"; };
		B41782E71AA9A066009E8437 /* BMKOfflineMapType.h */ = {isa = PBXFileReference; fileEncoding = 4; lastKnownFileType = sourcecode.c.h; path = BMKOfflineMapType.h; sourceTree = "<group>"; };
		B41782E81AA9A066009E8437 /* BMKOverlay.h */ = {isa = PBXFileReference; fileEncoding = 4; lastKnownFileType = sourcecode.c.h; path = BMKOverlay.h; sourceTree = "<group>"; };
		B41782E91AA9A066009E8437 /* BMKOverlayGLBasicView.h */ = {isa = PBXFileReference; fileEncoding = 4; lastKnownFileType = sourcecode.c.h; path = BMKOverlayGLBasicView.h; sourceTree = "<group>"; };
		B41782EA1AA9A066009E8437 /* BMKOverlayPathView.h */ = {isa = PBXFileReference; fileEncoding = 4; lastKnownFileType = sourcecode.c.h; path = BMKOverlayPathView.h; sourceTree = "<group>"; };
		B41782EB1AA9A066009E8437 /* BMKOverlayView.h */ = {isa = PBXFileReference; fileEncoding = 4; lastKnownFileType = sourcecode.c.h; path = BMKOverlayView.h; sourceTree = "<group>"; };
		B41782EC1AA9A066009E8437 /* BMKPinAnnotationView.h */ = {isa = PBXFileReference; fileEncoding = 4; lastKnownFileType = sourcecode.c.h; path = BMKPinAnnotationView.h; sourceTree = "<group>"; };
		B41782ED1AA9A066009E8437 /* BMKPointAnnotation.h */ = {isa = PBXFileReference; fileEncoding = 4; lastKnownFileType = sourcecode.c.h; path = BMKPointAnnotation.h; sourceTree = "<group>"; };
		B41782EE1AA9A066009E8437 /* BMKPoiSearch.h */ = {isa = PBXFileReference; fileEncoding = 4; lastKnownFileType = sourcecode.c.h; path = BMKPoiSearch.h; sourceTree = "<group>"; };
		B41782EF1AA9A066009E8437 /* BMKPoiSearchOption.h */ = {isa = PBXFileReference; fileEncoding = 4; lastKnownFileType = sourcecode.c.h; path = BMKPoiSearchOption.h; sourceTree = "<group>"; };
		B41782F01AA9A066009E8437 /* BMKPoiSearchType.h */ = {isa = PBXFileReference; fileEncoding = 4; lastKnownFileType = sourcecode.c.h; path = BMKPoiSearchType.h; sourceTree = "<group>"; };
		B41782F11AA9A066009E8437 /* BMKPolygon.h */ = {isa = PBXFileReference; fileEncoding = 4; lastKnownFileType = sourcecode.c.h; path = BMKPolygon.h; sourceTree = "<group>"; };
		B41782F21AA9A066009E8437 /* BMKPolygonView.h */ = {isa = PBXFileReference; fileEncoding = 4; lastKnownFileType = sourcecode.c.h; path = BMKPolygonView.h; sourceTree = "<group>"; };
		B41782F31AA9A066009E8437 /* BMKPolyline.h */ = {isa = PBXFileReference; fileEncoding = 4; lastKnownFileType = sourcecode.c.h; path = BMKPolyline.h; sourceTree = "<group>"; };
		B41782F41AA9A066009E8437 /* BMKPolylineView.h */ = {isa = PBXFileReference; fileEncoding = 4; lastKnownFileType = sourcecode.c.h; path = BMKPolylineView.h; sourceTree = "<group>"; };
		B41782F51AA9A066009E8437 /* BMKRouteSearch.h */ = {isa = PBXFileReference; fileEncoding = 4; lastKnownFileType = sourcecode.c.h; path = BMKRouteSearch.h; sourceTree = "<group>"; };
		B41782F61AA9A066009E8437 /* BMKRouteSearchOption.h */ = {isa = PBXFileReference; fileEncoding = 4; lastKnownFileType = sourcecode.c.h; path = BMKRouteSearchOption.h; sourceTree = "<group>"; };
		B41782F71AA9A066009E8437 /* BMKRouteSearchType.h */ = {isa = PBXFileReference; fileEncoding = 4; lastKnownFileType = sourcecode.c.h; path = BMKRouteSearchType.h; sourceTree = "<group>"; };
		B41782F81AA9A066009E8437 /* BMKSearchComponent.h */ = {isa = PBXFileReference; fileEncoding = 4; lastKnownFileType = sourcecode.c.h; path = BMKSearchComponent.h; sourceTree = "<group>"; };
		B41782F91AA9A066009E8437 /* BMKShape.h */ = {isa = PBXFileReference; fileEncoding = 4; lastKnownFileType = sourcecode.c.h; path = BMKShape.h; sourceTree = "<group>"; };
		B41782FA1AA9A066009E8437 /* BMKShareURLSearch.h */ = {isa = PBXFileReference; fileEncoding = 4; lastKnownFileType = sourcecode.c.h; path = BMKShareURLSearch.h; sourceTree = "<group>"; };
		B41782FB1AA9A066009E8437 /* BMKShareUrlSearchOption.h */ = {isa = PBXFileReference; fileEncoding = 4; lastKnownFileType = sourcecode.c.h; path = BMKShareUrlSearchOption.h; sourceTree = "<group>"; };
		B41782FC1AA9A066009E8437 /* BMKSuggestionSearch.h */ = {isa = PBXFileReference; fileEncoding = 4; lastKnownFileType = sourcecode.c.h; path = BMKSuggestionSearch.h; sourceTree = "<group>"; };
		B41782FD1AA9A066009E8437 /* BMKSuggestionSearchOption.h */ = {isa = PBXFileReference; fileEncoding = 4; lastKnownFileType = sourcecode.c.h; path = BMKSuggestionSearchOption.h; sourceTree = "<group>"; };
		B41782FE1AA9A066009E8437 /* BMKTypes.h */ = {isa = PBXFileReference; fileEncoding = 4; lastKnownFileType = sourcecode.c.h; path = BMKTypes.h; sourceTree = "<group>"; };
		B41782FF1AA9A066009E8437 /* BMKUserLocation.h */ = {isa = PBXFileReference; fileEncoding = 4; lastKnownFileType = sourcecode.c.h; path = BMKUserLocation.h; sourceTree = "<group>"; };
		B41783001AA9A066009E8437 /* BMKUtilsComponent.h */ = {isa = PBXFileReference; fileEncoding = 4; lastKnownFileType = sourcecode.c.h; path = BMKUtilsComponent.h; sourceTree = "<group>"; };
		B41783011AA9A066009E8437 /* BMKVersion.h */ = {isa = PBXFileReference; fileEncoding = 4; lastKnownFileType = sourcecode.c.h; path = BMKVersion.h; sourceTree = "<group>"; };
		B41783021AA9A066009E8437 /* mapapi.bundle */ = {isa = PBXFileReference; lastKnownFileType = "wrapper.plug-in"; path = mapapi.bundle; sourceTree = "<group>"; };
		B41783041AA9A0AA009E8437 /* MessageUI.framework */ = {isa = PBXFileReference; lastKnownFileType = wrapper.framework; name = MessageUI.framework; path = System/Library/Frameworks/MessageUI.framework; sourceTree = SDKROOT; };
		B41783061AA9A362009E8437 /* UIImage+Rotate.h */ = {isa = PBXFileReference; fileEncoding = 4; lastKnownFileType = sourcecode.c.h; path = "UIImage+Rotate.h"; sourceTree = "<group>"; };
		B41783071AA9A362009E8437 /* UIImage+Rotate.m */ = {isa = PBXFileReference; fileEncoding = 4; lastKnownFileType = sourcecode.c.objc; path = "UIImage+Rotate.m"; sourceTree = "<group>"; };
		B44FBCAF1A9C6C5800AFB3AC /* PXAccountHolder.h */ = {isa = PBXFileReference; fileEncoding = 4; lastKnownFileType = sourcecode.c.h; path = PXAccountHolder.h; sourceTree = "<group>"; };
		B44FBCB01A9C6C5800AFB3AC /* PXAccountHolder.m */ = {isa = PBXFileReference; fileEncoding = 4; lastKnownFileType = sourcecode.c.objc; path = PXAccountHolder.m; sourceTree = "<group>"; };
		B44FBCB21A9C6D6D00AFB3AC /* bg.png */ = {isa = PBXFileReference; lastKnownFileType = image.png; path = bg.png; sourceTree = "<group>"; };
		B44FBCB41A9C6DC700AFB3AC /* defult_portraiture.png */ = {isa = PBXFileReference; lastKnownFileType = image.png; path = defult_portraiture.png; sourceTree = "<group>"; };
		B44FBD251A9C739500AFB3AC /* OAuth2Client.xcodeproj */ = {isa = PBXFileReference; lastKnownFileType = "wrapper.pb-project"; name = OAuth2Client.xcodeproj; path = OAuth2Client/OAuth2Client.xcodeproj; sourceTree = "<group>"; };
		B44FBD341A9C740C00AFB3AC /* Security.framework */ = {isa = PBXFileReference; lastKnownFileType = wrapper.framework; name = Security.framework; path = System/Library/Frameworks/Security.framework; sourceTree = SDKROOT; };
		B44FBD361A9C76FF00AFB3AC /* LoginViewController.h */ = {isa = PBXFileReference; fileEncoding = 4; lastKnownFileType = sourcecode.c.h; path = LoginViewController.h; sourceTree = "<group>"; };
		B44FBD371A9C76FF00AFB3AC /* LoginViewController.m */ = {isa = PBXFileReference; fileEncoding = 4; lastKnownFileType = sourcecode.c.objc; path = LoginViewController.m; sourceTree = "<group>"; };
		B44FBD381A9C76FF00AFB3AC /* LoginViewController.xib */ = {isa = PBXFileReference; fileEncoding = 4; lastKnownFileType = file.xib; path = LoginViewController.xib; sourceTree = "<group>"; };
		B44FBD3B1A9C771B00AFB3AC /* RegisterViewController.h */ = {isa = PBXFileReference; fileEncoding = 4; lastKnownFileType = sourcecode.c.h; path = RegisterViewController.h; sourceTree = "<group>"; };
		B44FBD3C1A9C771B00AFB3AC /* RegisterViewController.m */ = {isa = PBXFileReference; fileEncoding = 4; lastKnownFileType = sourcecode.c.objc; path = RegisterViewController.m; sourceTree = "<group>"; };
		B44FBD3D1A9C771B00AFB3AC /* RegisterViewController.xib */ = {isa = PBXFileReference; fileEncoding = 4; lastKnownFileType = file.xib; path = RegisterViewController.xib; sourceTree = "<group>"; };
		B44FBD3E1A9C771B00AFB3AC /* SetPasswordViewController.h */ = {isa = PBXFileReference; fileEncoding = 4; lastKnownFileType = sourcecode.c.h; path = SetPasswordViewController.h; sourceTree = "<group>"; };
		B44FBD3F1A9C771B00AFB3AC /* SetPasswordViewController.m */ = {isa = PBXFileReference; fileEncoding = 4; lastKnownFileType = sourcecode.c.objc; path = SetPasswordViewController.m; sourceTree = "<group>"; };
		B44FBD401A9C771B00AFB3AC /* SetPasswordViewController.xib */ = {isa = PBXFileReference; fileEncoding = 4; lastKnownFileType = file.xib; path = SetPasswordViewController.xib; sourceTree = "<group>"; };
		B44FBD4A1A9C790300AFB3AC /* Config.h */ = {isa = PBXFileReference; lastKnownFileType = sourcecode.c.h; path = Config.h; sourceTree = "<group>"; };
		B453CDB71AA1C37600854D2A /* UIViewController+Alert.h */ = {isa = PBXFileReference; fileEncoding = 4; lastKnownFileType = sourcecode.c.h; path = "UIViewController+Alert.h"; sourceTree = "<group>"; };
		B453CDB81AA1C37600854D2A /* UIViewController+Alert.m */ = {isa = PBXFileReference; fileEncoding = 4; lastKnownFileType = sourcecode.c.objc; path = "UIViewController+Alert.m"; sourceTree = "<group>"; };
		B453CDBD1AA1C40300854D2A /* AlertViewHolder.h */ = {isa = PBXFileReference; fileEncoding = 4; lastKnownFileType = sourcecode.c.h; path = AlertViewHolder.h; sourceTree = "<group>"; };
		B453CDBE1AA1C40300854D2A /* AlertViewHolder.m */ = {isa = PBXFileReference; fileEncoding = 4; lastKnownFileType = sourcecode.c.objc; path = AlertViewHolder.m; sourceTree = "<group>"; };
		B453CDC01AA1E23500854D2A /* SDWebImage.framework */ = {isa = PBXFileReference; lastKnownFileType = wrapper.framework; path = SDWebImage.framework; sourceTree = "<group>"; };
		B453CDC21AA1E26100854D2A /* ImageIO.framework */ = {isa = PBXFileReference; lastKnownFileType = wrapper.framework; name = ImageIO.framework; path = System/Library/Frameworks/ImageIO.framework; sourceTree = SDKROOT; };
		B47C3D9C1A9452A400F41A9D /* Pack-it_seeker.app */ = {isa = PBXFileReference; explicitFileType = wrapper.application; includeInIndex = 0; path = "Pack-it_seeker.app"; sourceTree = BUILT_PRODUCTS_DIR; };
		B47C3DA01A9452A400F41A9D /* Info.plist */ = {isa = PBXFileReference; lastKnownFileType = text.plist.xml; path = Info.plist; sourceTree = "<group>"; };
		B47C3DA11A9452A400F41A9D /* main.m */ = {isa = PBXFileReference; lastKnownFileType = sourcecode.c.objc; path = main.m; sourceTree = "<group>"; };
		B47C3DA31A9452A400F41A9D /* AppDelegate.h */ = {isa = PBXFileReference; lastKnownFileType = sourcecode.c.h; path = AppDelegate.h; sourceTree = "<group>"; };
		B47C3DA41A9452A400F41A9D /* AppDelegate.m */ = {isa = PBXFileReference; lastKnownFileType = sourcecode.c.objc; path = AppDelegate.m; sourceTree = "<group>"; };
		B47C3DA61A9452A400F41A9D /* ProblemsViewController.h */ = {isa = PBXFileReference; lastKnownFileType = sourcecode.c.h; path = ProblemsViewController.h; sourceTree = "<group>"; };
		B47C3DA71A9452A400F41A9D /* ProblemsViewController.m */ = {isa = PBXFileReference; lastKnownFileType = sourcecode.c.objc; path = ProblemsViewController.m; sourceTree = "<group>"; };
		B47C3DA91A9452A400F41A9D /* SecondViewController.h */ = {isa = PBXFileReference; lastKnownFileType = sourcecode.c.h; path = SecondViewController.h; sourceTree = "<group>"; };
		B47C3DAA1A9452A400F41A9D /* SecondViewController.m */ = {isa = PBXFileReference; lastKnownFileType = sourcecode.c.objc; path = SecondViewController.m; sourceTree = "<group>"; };
		B47C3DAD1A9452A400F41A9D /* Base */ = {isa = PBXFileReference; lastKnownFileType = file.storyboard; name = Base; path = Base.lproj/Main.storyboard; sourceTree = "<group>"; };
		B47C3DAF1A9452A400F41A9D /* Images.xcassets */ = {isa = PBXFileReference; lastKnownFileType = folder.assetcatalog; path = Images.xcassets; sourceTree = "<group>"; };
		B47C3DB21A9452A400F41A9D /* Base */ = {isa = PBXFileReference; lastKnownFileType = file.xib; name = Base; path = Base.lproj/LaunchScreen.xib; sourceTree = "<group>"; };
		B47C3DB81A9452A400F41A9D /* Pack-it_seekerTests.xctest */ = {isa = PBXFileReference; explicitFileType = wrapper.cfbundle; includeInIndex = 0; path = "Pack-it_seekerTests.xctest"; sourceTree = BUILT_PRODUCTS_DIR; };
		B47C3DBD1A9452A400F41A9D /* Info.plist */ = {isa = PBXFileReference; lastKnownFileType = text.plist.xml; path = Info.plist; sourceTree = "<group>"; };
		B47C3DBE1A9452A400F41A9D /* Pack_it_seekerTests.m */ = {isa = PBXFileReference; lastKnownFileType = sourcecode.c.objc; path = Pack_it_seekerTests.m; sourceTree = "<group>"; };
		B4CC9D391AA4504A00135B29 /* PXCategory.h */ = {isa = PBXFileReference; fileEncoding = 4; lastKnownFileType = sourcecode.c.h; path = PXCategory.h; sourceTree = "<group>"; };
		B4CC9D3A1AA4504A00135B29 /* PXCategory.m */ = {isa = PBXFileReference; fileEncoding = 4; lastKnownFileType = sourcecode.c.objc; path = PXCategory.m; sourceTree = "<group>"; };
		B4CC9D631AA4A11C00135B29 /* AFHTTPRequestOperation.h */ = {isa = PBXFileReference; fileEncoding = 4; lastKnownFileType = sourcecode.c.h; path = AFHTTPRequestOperation.h; sourceTree = "<group>"; };
		B4CC9D641AA4A11C00135B29 /* AFHTTPRequestOperation.m */ = {isa = PBXFileReference; fileEncoding = 4; lastKnownFileType = sourcecode.c.objc; path = AFHTTPRequestOperation.m; sourceTree = "<group>"; };
		B4CC9D651AA4A11C00135B29 /* AFHTTPRequestOperationManager.h */ = {isa = PBXFileReference; fileEncoding = 4; lastKnownFileType = sourcecode.c.h; path = AFHTTPRequestOperationManager.h; sourceTree = "<group>"; };
		B4CC9D661AA4A11C00135B29 /* AFHTTPRequestOperationManager.m */ = {isa = PBXFileReference; fileEncoding = 4; lastKnownFileType = sourcecode.c.objc; path = AFHTTPRequestOperationManager.m; sourceTree = "<group>"; };
		B4CC9D671AA4A11C00135B29 /* AFHTTPSessionManager.h */ = {isa = PBXFileReference; fileEncoding = 4; lastKnownFileType = sourcecode.c.h; path = AFHTTPSessionManager.h; sourceTree = "<group>"; };
		B4CC9D681AA4A11C00135B29 /* AFHTTPSessionManager.m */ = {isa = PBXFileReference; fileEncoding = 4; lastKnownFileType = sourcecode.c.objc; path = AFHTTPSessionManager.m; sourceTree = "<group>"; };
		B4CC9D691AA4A11C00135B29 /* AFNetworking.h */ = {isa = PBXFileReference; fileEncoding = 4; lastKnownFileType = sourcecode.c.h; path = AFNetworking.h; sourceTree = "<group>"; };
		B4CC9D6A1AA4A11C00135B29 /* AFNetworkReachabilityManager.h */ = {isa = PBXFileReference; fileEncoding = 4; lastKnownFileType = sourcecode.c.h; path = AFNetworkReachabilityManager.h; sourceTree = "<group>"; };
		B4CC9D6B1AA4A11C00135B29 /* AFNetworkReachabilityManager.m */ = {isa = PBXFileReference; fileEncoding = 4; lastKnownFileType = sourcecode.c.objc; path = AFNetworkReachabilityManager.m; sourceTree = "<group>"; };
		B4CC9D6D1AA4A11C00135B29 /* AFHTTPRequestSerializer+OAuth2.h */ = {isa = PBXFileReference; fileEncoding = 4; lastKnownFileType = sourcecode.c.h; path = "AFHTTPRequestSerializer+OAuth2.h"; sourceTree = "<group>"; };
		B4CC9D6E1AA4A11C00135B29 /* AFHTTPRequestSerializer+OAuth2.m */ = {isa = PBXFileReference; fileEncoding = 4; lastKnownFileType = sourcecode.c.objc; path = "AFHTTPRequestSerializer+OAuth2.m"; sourceTree = "<group>"; };
		B4CC9D6F1AA4A11C00135B29 /* AFOAuth2Manager.h */ = {isa = PBXFileReference; fileEncoding = 4; lastKnownFileType = sourcecode.c.h; path = AFOAuth2Manager.h; sourceTree = "<group>"; };
		B4CC9D701AA4A11C00135B29 /* AFOAuth2Manager.m */ = {isa = PBXFileReference; fileEncoding = 4; lastKnownFileType = sourcecode.c.objc; path = AFOAuth2Manager.m; sourceTree = "<group>"; };
		B4CC9D711AA4A11C00135B29 /* AFSecurityPolicy.h */ = {isa = PBXFileReference; fileEncoding = 4; lastKnownFileType = sourcecode.c.h; path = AFSecurityPolicy.h; sourceTree = "<group>"; };
		B4CC9D721AA4A11C00135B29 /* AFSecurityPolicy.m */ = {isa = PBXFileReference; fileEncoding = 4; lastKnownFileType = sourcecode.c.objc; path = AFSecurityPolicy.m; sourceTree = "<group>"; };
		B4CC9D731AA4A11C00135B29 /* AFURLConnectionOperation.h */ = {isa = PBXFileReference; fileEncoding = 4; lastKnownFileType = sourcecode.c.h; path = AFURLConnectionOperation.h; sourceTree = "<group>"; };
		B4CC9D741AA4A11C00135B29 /* AFURLConnectionOperation.m */ = {isa = PBXFileReference; fileEncoding = 4; lastKnownFileType = sourcecode.c.objc; path = AFURLConnectionOperation.m; sourceTree = "<group>"; };
		B4CC9D751AA4A11C00135B29 /* AFURLRequestSerialization.h */ = {isa = PBXFileReference; fileEncoding = 4; lastKnownFileType = sourcecode.c.h; path = AFURLRequestSerialization.h; sourceTree = "<group>"; };
		B4CC9D761AA4A11C00135B29 /* AFURLRequestSerialization.m */ = {isa = PBXFileReference; fileEncoding = 4; lastKnownFileType = sourcecode.c.objc; path = AFURLRequestSerialization.m; sourceTree = "<group>"; };
		B4CC9D771AA4A11C00135B29 /* AFURLResponseSerialization.h */ = {isa = PBXFileReference; fileEncoding = 4; lastKnownFileType = sourcecode.c.h; path = AFURLResponseSerialization.h; sourceTree = "<group>"; };
		B4CC9D781AA4A11C00135B29 /* AFURLResponseSerialization.m */ = {isa = PBXFileReference; fileEncoding = 4; lastKnownFileType = sourcecode.c.objc; path = AFURLResponseSerialization.m; sourceTree = "<group>"; };
		B4CC9D791AA4A11C00135B29 /* AFURLSessionManager.h */ = {isa = PBXFileReference; fileEncoding = 4; lastKnownFileType = sourcecode.c.h; path = AFURLSessionManager.h; sourceTree = "<group>"; };
		B4CC9D7A1AA4A11C00135B29 /* AFURLSessionManager.m */ = {isa = PBXFileReference; fileEncoding = 4; lastKnownFileType = sourcecode.c.objc; path = AFURLSessionManager.m; sourceTree = "<group>"; };
		B4CC9D871AA4A2E400135B29 /* MBProgressHUD.h */ = {isa = PBXFileReference; fileEncoding = 4; lastKnownFileType = sourcecode.c.h; path = MBProgressHUD.h; sourceTree = "<group>"; };
		B4CC9D881AA4A2E400135B29 /* MBProgressHUD.m */ = {isa = PBXFileReference; fileEncoding = 4; lastKnownFileType = sourcecode.c.objc; path = MBProgressHUD.m; sourceTree = "<group>"; };
		B4CC9D8A1AA4A65700135B29 /* CoreGraphics.framework */ = {isa = PBXFileReference; lastKnownFileType = wrapper.framework; name = CoreGraphics.framework; path = System/Library/Frameworks/CoreGraphics.framework; sourceTree = SDKROOT; };
		B4D77D361A96143000C4ACA5 /* PXProblem.h */ = {isa = PBXFileReference; fileEncoding = 4; lastKnownFileType = sourcecode.c.h; path = PXProblem.h; sourceTree = "<group>"; };
		B4D77D371A96143000C4ACA5 /* PXProblem.m */ = {isa = PBXFileReference; fileEncoding = 4; lastKnownFileType = sourcecode.c.objc; path = PXProblem.m; sourceTree = "<group>"; };
		B4D77D391A96144000C4ACA5 /* PXSolution.h */ = {isa = PBXFileReference; fileEncoding = 4; lastKnownFileType = sourcecode.c.h; path = PXSolution.h; sourceTree = "<group>"; };
		B4D77D3A1A96144000C4ACA5 /* PXSolution.m */ = {isa = PBXFileReference; fileEncoding = 4; lastKnownFileType = sourcecode.c.objc; path = PXSolution.m; sourceTree = "<group>"; };
		B4D77D3C1A9615C400C4ACA5 /* PXTag.h */ = {isa = PBXFileReference; fileEncoding = 4; lastKnownFileType = sourcecode.c.h; path = PXTag.h; sourceTree = "<group>"; };
		B4D77D3D1A9615C400C4ACA5 /* PXTag.m */ = {isa = PBXFileReference; fileEncoding = 4; lastKnownFileType = sourcecode.c.objc; path = PXTag.m; sourceTree = "<group>"; };
		B4D77D3F1A96160200C4ACA5 /* CoreLocation.framework */ = {isa = PBXFileReference; lastKnownFileType = wrapper.framework; name = CoreLocation.framework; path = System/Library/Frameworks/CoreLocation.framework; sourceTree = SDKROOT; };
		B4D77D411A96161A00C4ACA5 /* Foundation.framework */ = {isa = PBXFileReference; lastKnownFileType = wrapper.framework; name = Foundation.framework; path = System/Library/Frameworks/Foundation.framework; sourceTree = SDKROOT; };
		B4D77D431A96161F00C4ACA5 /* UIKit.framework */ = {isa = PBXFileReference; lastKnownFileType = wrapper.framework; name = UIKit.framework; path = System/Library/Frameworks/UIKit.framework; sourceTree = SDKROOT; };
		B4D77D481A9618A000C4ACA5 /* JSONModel.h */ = {isa = PBXFileReference; fileEncoding = 4; lastKnownFileType = sourcecode.c.h; path = JSONModel.h; sourceTree = "<group>"; };
		B4D77D491A9618A000C4ACA5 /* JSONModel.m */ = {isa = PBXFileReference; fileEncoding = 4; lastKnownFileType = sourcecode.c.objc; path = JSONModel.m; sourceTree = "<group>"; };
		B4D77D4A1A9618A000C4ACA5 /* JSONModelArray.h */ = {isa = PBXFileReference; fileEncoding = 4; lastKnownFileType = sourcecode.c.h; path = JSONModelArray.h; sourceTree = "<group>"; };
		B4D77D4B1A9618A000C4ACA5 /* JSONModelArray.m */ = {isa = PBXFileReference; fileEncoding = 4; lastKnownFileType = sourcecode.c.objc; path = JSONModelArray.m; sourceTree = "<group>"; };
		B4D77D4C1A9618A000C4ACA5 /* JSONModelClassProperty.h */ = {isa = PBXFileReference; fileEncoding = 4; lastKnownFileType = sourcecode.c.h; path = JSONModelClassProperty.h; sourceTree = "<group>"; };
		B4D77D4D1A9618A000C4ACA5 /* JSONModelClassProperty.m */ = {isa = PBXFileReference; fileEncoding = 4; lastKnownFileType = sourcecode.c.objc; path = JSONModelClassProperty.m; sourceTree = "<group>"; };
		B4D77D4E1A9618A000C4ACA5 /* JSONModelError.h */ = {isa = PBXFileReference; fileEncoding = 4; lastKnownFileType = sourcecode.c.h; path = JSONModelError.h; sourceTree = "<group>"; };
		B4D77D4F1A9618A000C4ACA5 /* JSONModelError.m */ = {isa = PBXFileReference; fileEncoding = 4; lastKnownFileType = sourcecode.c.objc; path = JSONModelError.m; sourceTree = "<group>"; };
		B4D77D511A9618A000C4ACA5 /* NSArray+JSONModel.h */ = {isa = PBXFileReference; fileEncoding = 4; lastKnownFileType = sourcecode.c.h; path = "NSArray+JSONModel.h"; sourceTree = "<group>"; };
		B4D77D521A9618A000C4ACA5 /* NSArray+JSONModel.m */ = {isa = PBXFileReference; fileEncoding = 4; lastKnownFileType = sourcecode.c.objc; path = "NSArray+JSONModel.m"; sourceTree = "<group>"; };
		B4D77D531A9618A000C4ACA5 /* JSONModelLib.h */ = {isa = PBXFileReference; fileEncoding = 4; lastKnownFileType = sourcecode.c.h; path = JSONModelLib.h; sourceTree = "<group>"; };
		B4D77D551A9618A000C4ACA5 /* JSONAPI.h */ = {isa = PBXFileReference; fileEncoding = 4; lastKnownFileType = sourcecode.c.h; path = JSONAPI.h; sourceTree = "<group>"; };
		B4D77D561A9618A000C4ACA5 /* JSONAPI.m */ = {isa = PBXFileReference; fileEncoding = 4; lastKnownFileType = sourcecode.c.objc; path = JSONAPI.m; sourceTree = "<group>"; };
		B4D77D571A9618A000C4ACA5 /* JSONHTTPClient.h */ = {isa = PBXFileReference; fileEncoding = 4; lastKnownFileType = sourcecode.c.h; path = JSONHTTPClient.h; sourceTree = "<group>"; };
		B4D77D581A9618A000C4ACA5 /* JSONHTTPClient.m */ = {isa = PBXFileReference; fileEncoding = 4; lastKnownFileType = sourcecode.c.objc; path = JSONHTTPClient.m; sourceTree = "<group>"; };
		B4D77D591A9618A000C4ACA5 /* JSONModel+networking.h */ = {isa = PBXFileReference; fileEncoding = 4; lastKnownFileType = sourcecode.c.h; path = "JSONModel+networking.h"; sourceTree = "<group>"; };
		B4D77D5A1A9618A000C4ACA5 /* JSONModel+networking.m */ = {isa = PBXFileReference; fileEncoding = 4; lastKnownFileType = sourcecode.c.objc; path = "JSONModel+networking.m"; sourceTree = "<group>"; };
		B4D77D5C1A9618A000C4ACA5 /* JSONKeyMapper.h */ = {isa = PBXFileReference; fileEncoding = 4; lastKnownFileType = sourcecode.c.h; path = JSONKeyMapper.h; sourceTree = "<group>"; };
		B4D77D5D1A9618A000C4ACA5 /* JSONKeyMapper.m */ = {isa = PBXFileReference; fileEncoding = 4; lastKnownFileType = sourcecode.c.objc; path = JSONKeyMapper.m; sourceTree = "<group>"; };
		B4D77D5E1A9618A000C4ACA5 /* JSONValueTransformer.h */ = {isa = PBXFileReference; fileEncoding = 4; lastKnownFileType = sourcecode.c.h; path = JSONValueTransformer.h; sourceTree = "<group>"; };
		B4D77D5F1A9618A000C4ACA5 /* JSONValueTransformer.m */ = {isa = PBXFileReference; fileEncoding = 4; lastKnownFileType = sourcecode.c.objc; path = JSONValueTransformer.m; sourceTree = "<group>"; };
		B4D77D6A1A9618AE00C4ACA5 /* SystemConfiguration.framework */ = {isa = PBXFileReference; lastKnownFileType = wrapper.framework; name = SystemConfiguration.framework; path = System/Library/Frameworks/SystemConfiguration.framework; sourceTree = SDKROOT; };
		B4D77D6C1A961E6E00C4ACA5 /* PXNetworkManager.h */ = {isa = PBXFileReference; fileEncoding = 4; lastKnownFileType = sourcecode.c.h; path = PXNetworkManager.h; sourceTree = "<group>"; };
		B4D77D6D1A961E6E00C4ACA5 /* PXNetworkManager.m */ = {isa = PBXFileReference; fileEncoding = 4; lastKnownFileType = sourcecode.c.objc; path = PXNetworkManager.m; sourceTree = "<group>"; };
		B4D77D701A96245300C4ACA5 /* PXProblemTableViewCell.h */ = {isa = PBXFileReference; fileEncoding = 4; lastKnownFileType = sourcecode.c.h; path = PXProblemTableViewCell.h; sourceTree = "<group>"; };
		B4D77D711A96245300C4ACA5 /* PXProblemTableViewCell.m */ = {isa = PBXFileReference; fileEncoding = 4; lastKnownFileType = sourcecode.c.objc; path = PXProblemTableViewCell.m; sourceTree = "<group>"; };
		B4D77D751A9625ED00C4ACA5 /* PXSolutionTableViewCell.h */ = {isa = PBXFileReference; fileEncoding = 4; lastKnownFileType = sourcecode.c.h; path = PXSolutionTableViewCell.h; sourceTree = "<group>"; };
		B4D77D761A9625ED00C4ACA5 /* PXSolutionTableViewCell.m */ = {isa = PBXFileReference; fileEncoding = 4; lastKnownFileType = sourcecode.c.objc; path = PXSolutionTableViewCell.m; sourceTree = "<group>"; };
		B4D77D771A9625ED00C4ACA5 /* PXSolutionTableViewCell.xib */ = {isa = PBXFileReference; fileEncoding = 4; lastKnownFileType = file.xib; path = PXSolutionTableViewCell.xib; sourceTree = "<group>"; };
		B4D77D7A1A9626CE00C4ACA5 /* SolutionsTableViewController.h */ = {isa = PBXFileReference; fileEncoding = 4; lastKnownFileType = sourcecode.c.h; path = SolutionsTableViewController.h; sourceTree = "<group>"; };
		B4D77D7B1A9626CE00C4ACA5 /* SolutionsTableViewController.m */ = {isa = PBXFileReference; fileEncoding = 4; lastKnownFileType = sourcecode.c.objc; path = SolutionsTableViewController.m; sourceTree = "<group>"; };
		B4D77D7D1A96270F00C4ACA5 /* SolutionDetailViewController.h */ = {isa = PBXFileReference; fileEncoding = 4; lastKnownFileType = sourcecode.c.h; path = SolutionDetailViewController.h; sourceTree = "<group>"; };
		B4D77D7E1A96270F00C4ACA5 /* SolutionDetailViewController.m */ = {isa = PBXFileReference; fileEncoding = 4; lastKnownFileType = sourcecode.c.objc; path = SolutionDetailViewController.m; sourceTree = "<group>"; };
		B4D77D861A96422000C4ACA5 /* add_image_default.png */ = {isa = PBXFileReference; lastKnownFileType = image.png; name = add_image_default.png; path = Images.xcassets/add_image_default.png; sourceTree = "<group>"; };
		B4D77D8A1A96438500C4ACA5 /* NewProblemViewController.h */ = {isa = PBXFileReference; fileEncoding = 4; lastKnownFileType = sourcecode.c.h; path = NewProblemViewController.h; sourceTree = "<group>"; };
		B4D77D8B1A96438500C4ACA5 /* NewProblemViewController.m */ = {isa = PBXFileReference; fileEncoding = 4; lastKnownFileType = sourcecode.c.objc; path = NewProblemViewController.m; sourceTree = "<group>"; };
/* End PBXFileReference section */

/* Begin PBXFrameworksBuildPhase section */
		B47C3D991A9452A400F41A9D /* Frameworks */ = {
			isa = PBXFrameworksBuildPhase;
			buildActionMask = 2147483647;
			files = (
				B41783051AA9A0AA009E8437 /* MessageUI.framework in Frameworks */,
				B41782C01AA99260009E8437 /* OpenGLES.framework in Frameworks */,
				B41782BE1AA99256009E8437 /* QuartzCore.framework in Frameworks */,
				B4CC9D8B1AA4A65700135B29 /* CoreGraphics.framework in Frameworks */,
				B453CDC31AA1E26100854D2A /* ImageIO.framework in Frameworks */,
				B44FBD351A9C740C00AFB3AC /* Security.framework in Frameworks */,
				B44FBD331A9C73A900AFB3AC /* libOAuth2Client.a in Frameworks */,
				B4D77D6B1A9618AE00C4ACA5 /* SystemConfiguration.framework in Frameworks */,
				B41782C31AA99EC9009E8437 /* libbaidumapapi.a in Frameworks */,
				B4D77D441A96161F00C4ACA5 /* UIKit.framework in Frameworks */,
				B453CDC11AA1E23500854D2A /* SDWebImage.framework in Frameworks */,
				B4D77D421A96161A00C4ACA5 /* Foundation.framework in Frameworks */,
				B4D77D401A96160200C4ACA5 /* CoreLocation.framework in Frameworks */,
			);
			runOnlyForDeploymentPostprocessing = 0;
		};
		B47C3DB51A9452A400F41A9D /* Frameworks */ = {
			isa = PBXFrameworksBuildPhase;
			buildActionMask = 2147483647;
			files = (
			);
			runOnlyForDeploymentPostprocessing = 0;
		};
/* End PBXFrameworksBuildPhase section */

/* Begin PBXGroup section */
		B417827A1AA98FC2009E8437 /* BaiduMap */ = {
			isa = PBXGroup;
			children = (
				B41782C41AA9A066009E8437 /* inc */,
				B41783021AA9A066009E8437 /* mapapi.bundle */,
				B41782C21AA99EC9009E8437 /* libbaidumapapi.a */,
			);
			name = BaiduMap;
			sourceTree = "<group>";
		};
		B41782C11AA9939F009E8437 /* Configuration */ = {
			isa = PBXGroup;
			children = (
				B44FBD4A1A9C790300AFB3AC /* Config.h */,
			);
			name = Configuration;
			sourceTree = "<group>";
		};
		B41782C41AA9A066009E8437 /* inc */ = {
			isa = PBXGroup;
			children = (
				B41782C51AA9A066009E8437 /* BMapKit.h */,
				B41782C61AA9A066009E8437 /* BMKActionPaopaoView.h */,
				B41782C71AA9A066009E8437 /* BMKAnnotation.h */,
				B41782C81AA9A066009E8437 /* BMKAnnotationView.h */,
				B41782C91AA9A066009E8437 /* BMKArcline.h */,
				B41782CA1AA9A066009E8437 /* BMKArclineView.h */,
				B41782CB1AA9A066009E8437 /* BMKBaseComponent.h */,
				B41782CC1AA9A066009E8437 /* BMKBusLineSearch.h */,
				B41782CD1AA9A066009E8437 /* BMKBusLineSearchOption.h */,
				B41782CE1AA9A066009E8437 /* BMKCircle.h */,
				B41782CF1AA9A066009E8437 /* BMKCircleView.h */,
				B41782D01AA9A066009E8437 /* BMKCloudPOIList.h */,
				B41782D11AA9A066009E8437 /* BMKCloudSearch.h */,
				B41782D21AA9A066009E8437 /* BMKCloudSearchComponent.h */,
				B41782D31AA9A066009E8437 /* BMKCloudSearchInfo.h */,
				B41782D41AA9A066009E8437 /* BMKGeneralDelegate.h */,
				B41782D51AA9A066009E8437 /* BMKGeocodeSearch.h */,
				B41782D61AA9A066009E8437 /* BMKGeocodeSearchOption.h */,
				B41782D71AA9A066009E8437 /* BMKGeocodeType.h */,
				B41782D81AA9A066009E8437 /* BMKGeometry.h */,
				B41782D91AA9A066009E8437 /* BMKGradient.h */,
				B41782DA1AA9A066009E8437 /* BMKGroundOverlay.h */,
				B41782DB1AA9A066009E8437 /* BMKGroundOverlayView.h */,
				B41782DC1AA9A066009E8437 /* BMKHeatMap.h */,
				B41782DD1AA9A066009E8437 /* BMKLocationComponent.h */,
				B41782DE1AA9A066009E8437 /* BMKLocationService.h */,
				B41782DF1AA9A066009E8437 /* BMKLocationViewDisplayParam.h */,
				B41782E01AA9A066009E8437 /* BMKMapComponent.h */,
				B41782E11AA9A066009E8437 /* BMKMapManager.h */,
				B41782E21AA9A066009E8437 /* BMKMapStatus.h */,
				B41782E31AA9A066009E8437 /* BMKMapView.h */,
				B41782E41AA9A066009E8437 /* BMKMultiPoint.h */,
				B41782E51AA9A066009E8437 /* BMKNavigation.h */,
				B41782E61AA9A066009E8437 /* BMKOfflineMap.h */,
				B41782E71AA9A066009E8437 /* BMKOfflineMapType.h */,
				B41782E81AA9A066009E8437 /* BMKOverlay.h */,
				B41782E91AA9A066009E8437 /* BMKOverlayGLBasicView.h */,
				B41782EA1AA9A066009E8437 /* BMKOverlayPathView.h */,
				B41782EB1AA9A066009E8437 /* BMKOverlayView.h */,
				B41782EC1AA9A066009E8437 /* BMKPinAnnotationView.h */,
				B41782ED1AA9A066009E8437 /* BMKPointAnnotation.h */,
				B41782EE1AA9A066009E8437 /* BMKPoiSearch.h */,
				B41782EF1AA9A066009E8437 /* BMKPoiSearchOption.h */,
				B41782F01AA9A066009E8437 /* BMKPoiSearchType.h */,
				B41782F11AA9A066009E8437 /* BMKPolygon.h */,
				B41782F21AA9A066009E8437 /* BMKPolygonView.h */,
				B41782F31AA9A066009E8437 /* BMKPolyline.h */,
				B41782F41AA9A066009E8437 /* BMKPolylineView.h */,
				B41782F51AA9A066009E8437 /* BMKRouteSearch.h */,
				B41782F61AA9A066009E8437 /* BMKRouteSearchOption.h */,
				B41782F71AA9A066009E8437 /* BMKRouteSearchType.h */,
				B41782F81AA9A066009E8437 /* BMKSearchComponent.h */,
				B41782F91AA9A066009E8437 /* BMKShape.h */,
				B41782FA1AA9A066009E8437 /* BMKShareURLSearch.h */,
				B41782FB1AA9A066009E8437 /* BMKShareUrlSearchOption.h */,
				B41782FC1AA9A066009E8437 /* BMKSuggestionSearch.h */,
				B41782FD1AA9A066009E8437 /* BMKSuggestionSearchOption.h */,
				B41782FE1AA9A066009E8437 /* BMKTypes.h */,
				B41782FF1AA9A066009E8437 /* BMKUserLocation.h */,
				B41783001AA9A066009E8437 /* BMKUtilsComponent.h */,
				B41783011AA9A066009E8437 /* BMKVersion.h */,
			);
			path = inc;
			sourceTree = "<group>";
		};
		B44FBCAD1A9C6B9A00AFB3AC /* Problem&Solution */ = {
			isa = PBXGroup;
			children = (
				B47C3DA61A9452A400F41A9D /* ProblemsViewController.h */,
				B47C3DA71A9452A400F41A9D /* ProblemsViewController.m */,
				B4D77D7A1A9626CE00C4ACA5 /* SolutionsTableViewController.h */,
				B4D77D7B1A9626CE00C4ACA5 /* SolutionsTableViewController.m */,
				B4D77D7D1A96270F00C4ACA5 /* SolutionDetailViewController.h */,
				B4D77D7E1A96270F00C4ACA5 /* SolutionDetailViewController.m */,
				B4D77D8A1A96438500C4ACA5 /* NewProblemViewController.h */,
				B4D77D8B1A96438500C4ACA5 /* NewProblemViewController.m */,
				B41782771AA98EFC009E8437 /* NaviViewController.h */,
				B41782781AA98EFC009E8437 /* NaviViewController.mm */,
			);
			name = "Problem&Solution";
			sourceTree = "<group>";
		};
		B44FBCAE1A9C6BAD00AFB3AC /* User */ = {
			isa = PBXGroup;
			children = (
				B47C3DA91A9452A400F41A9D /* SecondViewController.h */,
				B47C3DAA1A9452A400F41A9D /* SecondViewController.m */,
				B44FBD451A9C772B00AFB3AC /* Login */,
				B44FBD461A9C776700AFB3AC /* Signup */,
			);
			name = User;
			sourceTree = "<group>";
		};
		B44FBD261A9C739500AFB3AC /* Products */ = {
			isa = PBXGroup;
			children = (
				B44FBD2C1A9C739500AFB3AC /* OAuth2Client.framework */,
				B44FBD2E1A9C739500AFB3AC /* libOAuth2Client.a */,
				B44FBD301A9C739500AFB3AC /* OAuth2ClientTests.xctest */,
			);
			name = Products;
			sourceTree = "<group>";
		};
		B44FBD451A9C772B00AFB3AC /* Login */ = {
			isa = PBXGroup;
			children = (
				B44FBD361A9C76FF00AFB3AC /* LoginViewController.h */,
				B44FBD371A9C76FF00AFB3AC /* LoginViewController.m */,
				B44FBD381A9C76FF00AFB3AC /* LoginViewController.xib */,
			);
			name = Login;
			sourceTree = "<group>";
		};
		B44FBD461A9C776700AFB3AC /* Signup */ = {
			isa = PBXGroup;
			children = (
				B44FBD3B1A9C771B00AFB3AC /* RegisterViewController.h */,
				B44FBD3C1A9C771B00AFB3AC /* RegisterViewController.m */,
				B44FBD3D1A9C771B00AFB3AC /* RegisterViewController.xib */,
				B44FBD3E1A9C771B00AFB3AC /* SetPasswordViewController.h */,
				B44FBD3F1A9C771B00AFB3AC /* SetPasswordViewController.m */,
				B44FBD401A9C771B00AFB3AC /* SetPasswordViewController.xib */,
			);
			name = Signup;
			sourceTree = "<group>";
		};
		B453CDBC1AA1C3F800854D2A /* AlertView */ = {
			isa = PBXGroup;
			children = (
				B453CDBD1AA1C40300854D2A /* AlertViewHolder.h */,
				B453CDBE1AA1C40300854D2A /* AlertViewHolder.m */,
			);
			name = AlertView;
			sourceTree = "<group>";
		};
		B47C3D931A9452A400F41A9D = {
			isa = PBXGroup;
			children = (
				B41783041AA9A0AA009E8437 /* MessageUI.framework */,
				B41782BF1AA99260009E8437 /* OpenGLES.framework */,
				B41782BD1AA99256009E8437 /* QuartzCore.framework */,
				B417827A1AA98FC2009E8437 /* BaiduMap */,
				B44FBD251A9C739500AFB3AC /* OAuth2Client.xcodeproj */,
				B4D77D461A9618A000C4ACA5 /* JSONModel */,
				B4CC9D621AA4A11C00135B29 /* AFNetworking */,
				B4CC9D861AA4A2E400135B29 /* MBProgressHUD */,
				B4D77D451A96163500C4ACA5 /* Framework */,
				B47C3D9E1A9452A400F41A9D /* Pack-it_seeker */,
				B47C3DBB1A9452A400F41A9D /* Pack-it_seekerTests */,
				B47C3D9D1A9452A400F41A9D /* Products */,
			);
			sourceTree = "<group>";
		};
		B47C3D9D1A9452A400F41A9D /* Products */ = {
			isa = PBXGroup;
			children = (
				B47C3D9C1A9452A400F41A9D /* Pack-it_seeker.app */,
				B47C3DB81A9452A400F41A9D /* Pack-it_seekerTests.xctest */,
			);
			name = Products;
			sourceTree = "<group>";
		};
		B47C3D9E1A9452A400F41A9D /* Pack-it_seeker */ = {
			isa = PBXGroup;
			children = (
				B41782C11AA9939F009E8437 /* Configuration */,
				B4D77D811A9641FC00C4ACA5 /* Resources */,
				B4D77D6F1A96235500C4ACA5 /* View */,
				B4D77D351A9613C700C4ACA5 /* Utility */,
				B4D77D341A9612E100C4ACA5 /* Model */,
				B47C3DA31A9452A400F41A9D /* AppDelegate.h */,
				B47C3DA41A9452A400F41A9D /* AppDelegate.m */,
				B4D77D331A96126E00C4ACA5 /* ViewControllers */,
				B47C3DAC1A9452A400F41A9D /* Main.storyboard */,
				B47C3DAF1A9452A400F41A9D /* Images.xcassets */,
				B47C3DB11A9452A400F41A9D /* LaunchScreen.xib */,
				B47C3D9F1A9452A400F41A9D /* Supporting Files */,
			);
			path = "Pack-it_seeker";
			sourceTree = "<group>";
		};
		B47C3D9F1A9452A400F41A9D /* Supporting Files */ = {
			isa = PBXGroup;
			children = (
				B47C3DA01A9452A400F41A9D /* Info.plist */,
				B47C3DA11A9452A400F41A9D /* main.m */,
			);
			name = "Supporting Files";
			sourceTree = "<group>";
		};
		B47C3DBB1A9452A400F41A9D /* Pack-it_seekerTests */ = {
			isa = PBXGroup;
			children = (
				B47C3DBE1A9452A400F41A9D /* Pack_it_seekerTests.m */,
				B47C3DBC1A9452A400F41A9D /* Supporting Files */,
			);
			path = "Pack-it_seekerTests";
			sourceTree = "<group>";
		};
		B47C3DBC1A9452A400F41A9D /* Supporting Files */ = {
			isa = PBXGroup;
			children = (
				B47C3DBD1A9452A400F41A9D /* Info.plist */,
			);
			name = "Supporting Files";
			sourceTree = "<group>";
		};
		B4CC9D621AA4A11C00135B29 /* AFNetworking */ = {
			isa = PBXGroup;
			children = (
				B4CC9D631AA4A11C00135B29 /* AFHTTPRequestOperation.h */,
				B4CC9D641AA4A11C00135B29 /* AFHTTPRequestOperation.m */,
				B4CC9D651AA4A11C00135B29 /* AFHTTPRequestOperationManager.h */,
				B4CC9D661AA4A11C00135B29 /* AFHTTPRequestOperationManager.m */,
				B4CC9D671AA4A11C00135B29 /* AFHTTPSessionManager.h */,
				B4CC9D681AA4A11C00135B29 /* AFHTTPSessionManager.m */,
				B4CC9D691AA4A11C00135B29 /* AFNetworking.h */,
				B4CC9D6A1AA4A11C00135B29 /* AFNetworkReachabilityManager.h */,
				B4CC9D6B1AA4A11C00135B29 /* AFNetworkReachabilityManager.m */,
				B4CC9D6C1AA4A11C00135B29 /* AFOAuth2Manager */,
				B4CC9D711AA4A11C00135B29 /* AFSecurityPolicy.h */,
				B4CC9D721AA4A11C00135B29 /* AFSecurityPolicy.m */,
				B4CC9D731AA4A11C00135B29 /* AFURLConnectionOperation.h */,
				B4CC9D741AA4A11C00135B29 /* AFURLConnectionOperation.m */,
				B4CC9D751AA4A11C00135B29 /* AFURLRequestSerialization.h */,
				B4CC9D761AA4A11C00135B29 /* AFURLRequestSerialization.m */,
				B4CC9D771AA4A11C00135B29 /* AFURLResponseSerialization.h */,
				B4CC9D781AA4A11C00135B29 /* AFURLResponseSerialization.m */,
				B4CC9D791AA4A11C00135B29 /* AFURLSessionManager.h */,
				B4CC9D7A1AA4A11C00135B29 /* AFURLSessionManager.m */,
			);
			path = AFNetworking;
			sourceTree = "<group>";
		};
		B4CC9D6C1AA4A11C00135B29 /* AFOAuth2Manager */ = {
			isa = PBXGroup;
			children = (
				B4CC9D6D1AA4A11C00135B29 /* AFHTTPRequestSerializer+OAuth2.h */,
				B4CC9D6E1AA4A11C00135B29 /* AFHTTPRequestSerializer+OAuth2.m */,
				B4CC9D6F1AA4A11C00135B29 /* AFOAuth2Manager.h */,
				B4CC9D701AA4A11C00135B29 /* AFOAuth2Manager.m */,
			);
			path = AFOAuth2Manager;
			sourceTree = "<group>";
		};
		B4CC9D861AA4A2E400135B29 /* MBProgressHUD */ = {
			isa = PBXGroup;
			children = (
				B4CC9D871AA4A2E400135B29 /* MBProgressHUD.h */,
				B4CC9D881AA4A2E400135B29 /* MBProgressHUD.m */,
			);
			path = MBProgressHUD;
			sourceTree = "<group>";
		};
		B4D77D331A96126E00C4ACA5 /* ViewControllers */ = {
			isa = PBXGroup;
			children = (
				B44FBCAD1A9C6B9A00AFB3AC /* Problem&Solution */,
				B44FBCAE1A9C6BAD00AFB3AC /* User */,
			);
			name = ViewControllers;
			sourceTree = "<group>";
		};
		B4D77D341A9612E100C4ACA5 /* Model */ = {
			isa = PBXGroup;
			children = (
				B4D77D361A96143000C4ACA5 /* PXProblem.h */,
				B4D77D371A96143000C4ACA5 /* PXProblem.m */,
				B4D77D391A96144000C4ACA5 /* PXSolution.h */,
				B4D77D3A1A96144000C4ACA5 /* PXSolution.m */,
				B4D77D3C1A9615C400C4ACA5 /* PXTag.h */,
				B4D77D3D1A9615C400C4ACA5 /* PXTag.m */,
				B411FD791AA439F8006E60F8 /* PXShop.h */,
				B411FD7A1AA439F8006E60F8 /* PXShop.m */,
				B4CC9D391AA4504A00135B29 /* PXCategory.h */,
				B4CC9D3A1AA4504A00135B29 /* PXCategory.m */,
			);
			name = Model;
			sourceTree = "<group>";
		};
		B4D77D351A9613C700C4ACA5 /* Utility */ = {
			isa = PBXGroup;
			children = (
				B41783061AA9A362009E8437 /* UIImage+Rotate.h */,
				B41783071AA9A362009E8437 /* UIImage+Rotate.m */,
				B453CDBC1AA1C3F800854D2A /* AlertView */,
				B44FBCAF1A9C6C5800AFB3AC /* PXAccountHolder.h */,
				B44FBCB01A9C6C5800AFB3AC /* PXAccountHolder.m */,
				B4D77D6C1A961E6E00C4ACA5 /* PXNetworkManager.h */,
				B4D77D6D1A961E6E00C4ACA5 /* PXNetworkManager.m */,
				B453CDB71AA1C37600854D2A /* UIViewController+Alert.h */,
				B453CDB81AA1C37600854D2A /* UIViewController+Alert.m */,
			);
			name = Utility;
			sourceTree = "<group>";
		};
		B4D77D451A96163500C4ACA5 /* Framework */ = {
			isa = PBXGroup;
			children = (
				B4CC9D8A1AA4A65700135B29 /* CoreGraphics.framework */,
				B453CDC21AA1E26100854D2A /* ImageIO.framework */,
				B453CDC01AA1E23500854D2A /* SDWebImage.framework */,
				B44FBD341A9C740C00AFB3AC /* Security.framework */,
				B4D77D6A1A9618AE00C4ACA5 /* SystemConfiguration.framework */,
				B4D77D431A96161F00C4ACA5 /* UIKit.framework */,
				B4D77D411A96161A00C4ACA5 /* Foundation.framework */,
				B4D77D3F1A96160200C4ACA5 /* CoreLocation.framework */,
			);
			name = Framework;
			sourceTree = "<group>";
		};
		B4D77D461A9618A000C4ACA5 /* JSONModel */ = {
			isa = PBXGroup;
			children = (
				B4D77D471A9618A000C4ACA5 /* JSONModel */,
				B4D77D501A9618A000C4ACA5 /* JSONModelCategories */,
				B4D77D531A9618A000C4ACA5 /* JSONModelLib.h */,
				B4D77D541A9618A000C4ACA5 /* JSONModelNetworking */,
				B4D77D5B1A9618A000C4ACA5 /* JSONModelTransformations */,
			);
			path = JSONModel;
			sourceTree = "<group>";
		};
		B4D77D471A9618A000C4ACA5 /* JSONModel */ = {
			isa = PBXGroup;
			children = (
				B4D77D481A9618A000C4ACA5 /* JSONModel.h */,
				B4D77D491A9618A000C4ACA5 /* JSONModel.m */,
				B4D77D4A1A9618A000C4ACA5 /* JSONModelArray.h */,
				B4D77D4B1A9618A000C4ACA5 /* JSONModelArray.m */,
				B4D77D4C1A9618A000C4ACA5 /* JSONModelClassProperty.h */,
				B4D77D4D1A9618A000C4ACA5 /* JSONModelClassProperty.m */,
				B4D77D4E1A9618A000C4ACA5 /* JSONModelError.h */,
				B4D77D4F1A9618A000C4ACA5 /* JSONModelError.m */,
			);
			path = JSONModel;
			sourceTree = "<group>";
		};
		B4D77D501A9618A000C4ACA5 /* JSONModelCategories */ = {
			isa = PBXGroup;
			children = (
				B4D77D511A9618A000C4ACA5 /* NSArray+JSONModel.h */,
				B4D77D521A9618A000C4ACA5 /* NSArray+JSONModel.m */,
			);
			path = JSONModelCategories;
			sourceTree = "<group>";
		};
		B4D77D541A9618A000C4ACA5 /* JSONModelNetworking */ = {
			isa = PBXGroup;
			children = (
				B4D77D551A9618A000C4ACA5 /* JSONAPI.h */,
				B4D77D561A9618A000C4ACA5 /* JSONAPI.m */,
				B4D77D571A9618A000C4ACA5 /* JSONHTTPClient.h */,
				B4D77D581A9618A000C4ACA5 /* JSONHTTPClient.m */,
				B4D77D591A9618A000C4ACA5 /* JSONModel+networking.h */,
				B4D77D5A1A9618A000C4ACA5 /* JSONModel+networking.m */,
			);
			path = JSONModelNetworking;
			sourceTree = "<group>";
		};
		B4D77D5B1A9618A000C4ACA5 /* JSONModelTransformations */ = {
			isa = PBXGroup;
			children = (
				B4D77D5C1A9618A000C4ACA5 /* JSONKeyMapper.h */,
				B4D77D5D1A9618A000C4ACA5 /* JSONKeyMapper.m */,
				B4D77D5E1A9618A000C4ACA5 /* JSONValueTransformer.h */,
				B4D77D5F1A9618A000C4ACA5 /* JSONValueTransformer.m */,
			);
			path = JSONModelTransformations;
			sourceTree = "<group>";
		};
		B4D77D6F1A96235500C4ACA5 /* View */ = {
			isa = PBXGroup;
			children = (
				B4D77D701A96245300C4ACA5 /* PXProblemTableViewCell.h */,
				B4D77D711A96245300C4ACA5 /* PXProblemTableViewCell.m */,
				B4D77D751A9625ED00C4ACA5 /* PXSolutionTableViewCell.h */,
				B4D77D761A9625ED00C4ACA5 /* PXSolutionTableViewCell.m */,
				B4D77D771A9625ED00C4ACA5 /* PXSolutionTableViewCell.xib */,
			);
			name = View;
			sourceTree = "<group>";
		};
		B4D77D811A9641FC00C4ACA5 /* Resources */ = {
			isa = PBXGroup;
			children = (
				B4D77D821A96420900C4ACA5 /* Image */,
			);
			name = Resources;
			sourceTree = "<group>";
		};
		B4D77D821A96420900C4ACA5 /* Image */ = {
			isa = PBXGroup;
			children = (
				B44FBCB41A9C6DC700AFB3AC /* defult_portraiture.png */,
				B44FBCB21A9C6D6D00AFB3AC /* bg.png */,
				B4D77D861A96422000C4ACA5 /* add_image_default.png */,
			);
			name = Image;
			sourceTree = "<group>";
		};
/* End PBXGroup section */

/* Begin PBXNativeTarget section */
		B47C3D9B1A9452A400F41A9D /* Pack-it_seeker */ = {
			isa = PBXNativeTarget;
			buildConfigurationList = B47C3DC21A9452A400F41A9D /* Build configuration list for PBXNativeTarget "Pack-it_seeker" */;
			buildPhases = (
				B47C3D981A9452A400F41A9D /* Sources */,
				B47C3D9A1A9452A400F41A9D /* Resources */,
				B47C3D991A9452A400F41A9D /* Frameworks */,
			);
			buildRules = (
			);
			dependencies = (
				B44FBD321A9C73A600AFB3AC /* PBXTargetDependency */,
			);
			name = "Pack-it_seeker";
			productName = "Pack-it_seeker";
			productReference = B47C3D9C1A9452A400F41A9D /* Pack-it_seeker.app */;
			productType = "com.apple.product-type.application";
		};
		B47C3DB71A9452A400F41A9D /* Pack-it_seekerTests */ = {
			isa = PBXNativeTarget;
			buildConfigurationList = B47C3DC51A9452A400F41A9D /* Build configuration list for PBXNativeTarget "Pack-it_seekerTests" */;
			buildPhases = (
				B47C3DB41A9452A400F41A9D /* Sources */,
				B47C3DB51A9452A400F41A9D /* Frameworks */,
				B47C3DB61A9452A400F41A9D /* Resources */,
			);
			buildRules = (
			);
			dependencies = (
				B47C3DBA1A9452A400F41A9D /* PBXTargetDependency */,
			);
			name = "Pack-it_seekerTests";
			productName = "Pack-it_seekerTests";
			productReference = B47C3DB81A9452A400F41A9D /* Pack-it_seekerTests.xctest */;
			productType = "com.apple.product-type.bundle.unit-test";
		};
/* End PBXNativeTarget section */

/* Begin PBXProject section */
		B47C3D941A9452A400F41A9D /* Project object */ = {
			isa = PBXProject;
			attributes = {
				LastUpgradeCheck = 0610;
				ORGANIZATIONNAME = Jiyang;
				TargetAttributes = {
					B47C3D9B1A9452A400F41A9D = {
						CreatedOnToolsVersion = 6.1.1;
						DevelopmentTeam = 6SN5YMWKQM;
					};
					B47C3DB71A9452A400F41A9D = {
						CreatedOnToolsVersion = 6.1.1;
						TestTargetID = B47C3D9B1A9452A400F41A9D;
					};
				};
			};
			buildConfigurationList = B47C3D971A9452A400F41A9D /* Build configuration list for PBXProject "Pack-it_seeker" */;
			compatibilityVersion = "Xcode 3.2";
			developmentRegion = English;
			hasScannedForEncodings = 0;
			knownRegions = (
				en,
				Base,
			);
			mainGroup = B47C3D931A9452A400F41A9D;
			productRefGroup = B47C3D9D1A9452A400F41A9D /* Products */;
			projectDirPath = "";
			projectReferences = (
				{
					ProductGroup = B44FBD261A9C739500AFB3AC /* Products */;
					ProjectRef = B44FBD251A9C739500AFB3AC /* OAuth2Client.xcodeproj */;
				},
			);
			projectRoot = "";
			targets = (
				B47C3D9B1A9452A400F41A9D /* Pack-it_seeker */,
				B47C3DB71A9452A400F41A9D /* Pack-it_seekerTests */,
			);
		};
/* End PBXProject section */

/* Begin PBXReferenceProxy section */
		B44FBD2C1A9C739500AFB3AC /* OAuth2Client.framework */ = {
			isa = PBXReferenceProxy;
			fileType = wrapper.framework;
			path = OAuth2Client.framework;
			remoteRef = B44FBD2B1A9C739500AFB3AC /* PBXContainerItemProxy */;
			sourceTree = BUILT_PRODUCTS_DIR;
		};
		B44FBD2E1A9C739500AFB3AC /* libOAuth2Client.a */ = {
			isa = PBXReferenceProxy;
			fileType = archive.ar;
			path = libOAuth2Client.a;
			remoteRef = B44FBD2D1A9C739500AFB3AC /* PBXContainerItemProxy */;
			sourceTree = BUILT_PRODUCTS_DIR;
		};
		B44FBD301A9C739500AFB3AC /* OAuth2ClientTests.xctest */ = {
			isa = PBXReferenceProxy;
			fileType = wrapper.cfbundle;
			path = OAuth2ClientTests.xctest;
			remoteRef = B44FBD2F1A9C739500AFB3AC /* PBXContainerItemProxy */;
			sourceTree = BUILT_PRODUCTS_DIR;
		};
/* End PBXReferenceProxy section */

/* Begin PBXResourcesBuildPhase section */
		B47C3D9A1A9452A400F41A9D /* Resources */ = {
			isa = PBXResourcesBuildPhase;
			buildActionMask = 2147483647;
			files = (
				B47C3DAE1A9452A400F41A9D /* Main.storyboard in Resources */,
				B41783031AA9A066009E8437 /* mapapi.bundle in Resources */,
				B44FBD421A9C771B00AFB3AC /* RegisterViewController.xib in Resources */,
				B4D77D871A96422000C4ACA5 /* add_image_default.png in Resources */,
				B47C3DB31A9452A400F41A9D /* LaunchScreen.xib in Resources */,
				B47C3DB01A9452A400F41A9D /* Images.xcassets in Resources */,
				B44FBCB31A9C6D6D00AFB3AC /* bg.png in Resources */,
				B44FBCB51A9C6DC700AFB3AC /* defult_portraiture.png in Resources */,
				B44FBD441A9C771B00AFB3AC /* SetPasswordViewController.xib in Resources */,
				B4D77D791A9625ED00C4ACA5 /* PXSolutionTableViewCell.xib in Resources */,
				B44FBD3A1A9C76FF00AFB3AC /* LoginViewController.xib in Resources */,
			);
			runOnlyForDeploymentPostprocessing = 0;
		};
		B47C3DB61A9452A400F41A9D /* Resources */ = {
			isa = PBXResourcesBuildPhase;
			buildActionMask = 2147483647;
			files = (
			);
			runOnlyForDeploymentPostprocessing = 0;
		};
/* End PBXResourcesBuildPhase section */

/* Begin PBXSourcesBuildPhase section */
		B47C3D981A9452A400F41A9D /* Sources */ = {
			isa = PBXSourcesBuildPhase;
			buildActionMask = 2147483647;
			files = (
				B4D77D691A9618A000C4ACA5 /* JSONValueTransformer.m in Sources */,
				B4D77D661A9618A000C4ACA5 /* JSONHTTPClient.m in Sources */,
				B4CC9D3B1AA4504A00135B29 /* PXCategory.m in Sources */,
				B4CC9D851AA4A11C00135B29 /* AFURLSessionManager.m in Sources */,
				B41782791AA98EFC009E8437 /* NaviViewController.mm in Sources */,
				B44FBD431A9C771B00AFB3AC /* SetPasswordViewController.m in Sources */,
				B4D77D3B1A96144000C4ACA5 /* PXSolution.m in Sources */,
				B4CC9D7C1AA4A11C00135B29 /* AFHTTPRequestOperationManager.m in Sources */,
				B41783081AA9A362009E8437 /* UIImage+Rotate.m in Sources */,
				B4D77D681A9618A000C4ACA5 /* JSONKeyMapper.m in Sources */,
				B4CC9D831AA4A11C00135B29 /* AFURLRequestSerialization.m in Sources */,
				B44FBD391A9C76FF00AFB3AC /* LoginViewController.m in Sources */,
				B4CC9D811AA4A11C00135B29 /* AFSecurityPolicy.m in Sources */,
				B4D77D781A9625ED00C4ACA5 /* PXSolutionTableViewCell.m in Sources */,
				B44FBCB11A9C6C5800AFB3AC /* PXAccountHolder.m in Sources */,
				B4D77D6E1A961E6E00C4ACA5 /* PXNetworkManager.m in Sources */,
				B4D77D601A9618A000C4ACA5 /* JSONModel.m in Sources */,
				B4CC9D821AA4A11C00135B29 /* AFURLConnectionOperation.m in Sources */,
				B44FBD411A9C771B00AFB3AC /* RegisterViewController.m in Sources */,
				B47C3DAB1A9452A400F41A9D /* SecondViewController.m in Sources */,
				B4D77D611A9618A000C4ACA5 /* JSONModelArray.m in Sources */,
				B4CC9D7D1AA4A11C00135B29 /* AFHTTPSessionManager.m in Sources */,
				B411FD7B1AA439F8006E60F8 /* PXShop.m in Sources */,
				B4CC9D7E1AA4A11C00135B29 /* AFNetworkReachabilityManager.m in Sources */,
				B4D77D731A96245300C4ACA5 /* PXProblemTableViewCell.m in Sources */,
				B4D77D8C1A96438500C4ACA5 /* NewProblemViewController.m in Sources */,
				B4D77D641A9618A000C4ACA5 /* NSArray+JSONModel.m in Sources */,
				B47C3DA51A9452A400F41A9D /* AppDelegate.m in Sources */,
				B4D77D7F1A96270F00C4ACA5 /* SolutionDetailViewController.m in Sources */,
				B4CC9D7B1AA4A11C00135B29 /* AFHTTPRequestOperation.m in Sources */,
				B4D77D7C1A9626CE00C4ACA5 /* SolutionsTableViewController.m in Sources */,
				B4D77D671A9618A000C4ACA5 /* JSONModel+networking.m in Sources */,
				B4CC9D891AA4A2E400135B29 /* MBProgressHUD.m in Sources */,
				B4CC9D7F1AA4A11C00135B29 /* AFHTTPRequestSerializer+OAuth2.m in Sources */,
				B453CDBF1AA1C40300854D2A /* AlertViewHolder.m in Sources */,
				B4D77D631A9618A000C4ACA5 /* JSONModelError.m in Sources */,
				B4D77D651A9618A000C4ACA5 /* JSONAPI.m in Sources */,
				B47C3DA81A9452A400F41A9D /* ProblemsViewController.m in Sources */,
				B4D77D381A96143000C4ACA5 /* PXProblem.m in Sources */,
				B4D77D621A9618A000C4ACA5 /* JSONModelClassProperty.m in Sources */,
				B4D77D3E1A9615C400C4ACA5 /* PXTag.m in Sources */,
				B47C3DA21A9452A400F41A9D /* main.m in Sources */,
				B4CC9D841AA4A11C00135B29 /* AFURLResponseSerialization.m in Sources */,
				B453CDB91AA1C37600854D2A /* UIViewController+Alert.m in Sources */,
				B4CC9D801AA4A11C00135B29 /* AFOAuth2Manager.m in Sources */,
			);
			runOnlyForDeploymentPostprocessing = 0;
		};
		B47C3DB41A9452A400F41A9D /* Sources */ = {
			isa = PBXSourcesBuildPhase;
			buildActionMask = 2147483647;
			files = (
				B47C3DBF1A9452A400F41A9D /* Pack_it_seekerTests.m in Sources */,
			);
			runOnlyForDeploymentPostprocessing = 0;
		};
/* End PBXSourcesBuildPhase section */

/* Begin PBXTargetDependency section */
		B44FBD321A9C73A600AFB3AC /* PBXTargetDependency */ = {
			isa = PBXTargetDependency;
			name = OAuth2Client;
			targetProxy = B44FBD311A9C73A600AFB3AC /* PBXContainerItemProxy */;
		};
		B47C3DBA1A9452A400F41A9D /* PBXTargetDependency */ = {
			isa = PBXTargetDependency;
			target = B47C3D9B1A9452A400F41A9D /* Pack-it_seeker */;
			targetProxy = B47C3DB91A9452A400F41A9D /* PBXContainerItemProxy */;
		};
/* End PBXTargetDependency section */

/* Begin PBXVariantGroup section */
		B47C3DAC1A9452A400F41A9D /* Main.storyboard */ = {
			isa = PBXVariantGroup;
			children = (
				B47C3DAD1A9452A400F41A9D /* Base */,
			);
			name = Main.storyboard;
			sourceTree = "<group>";
		};
		B47C3DB11A9452A400F41A9D /* LaunchScreen.xib */ = {
			isa = PBXVariantGroup;
			children = (
				B47C3DB21A9452A400F41A9D /* Base */,
			);
			name = LaunchScreen.xib;
			sourceTree = "<group>";
		};
/* End PBXVariantGroup section */

/* Begin XCBuildConfiguration section */
		B47C3DC01A9452A400F41A9D /* Debug */ = {
			isa = XCBuildConfiguration;
			buildSettings = {
				ALWAYS_SEARCH_USER_PATHS = NO;
				CLANG_CXX_LANGUAGE_STANDARD = "gnu++0x";
				CLANG_CXX_LIBRARY = "libc++";
				CLANG_ENABLE_MODULES = YES;
				CLANG_ENABLE_OBJC_ARC = YES;
				CLANG_WARN_BOOL_CONVERSION = YES;
				CLANG_WARN_CONSTANT_CONVERSION = YES;
				CLANG_WARN_DIRECT_OBJC_ISA_USAGE = YES_ERROR;
				CLANG_WARN_EMPTY_BODY = YES;
				CLANG_WARN_ENUM_CONVERSION = YES;
				CLANG_WARN_INT_CONVERSION = YES;
				CLANG_WARN_OBJC_ROOT_CLASS = YES_ERROR;
				CLANG_WARN_UNREACHABLE_CODE = YES;
				CLANG_WARN__DUPLICATE_METHOD_MATCH = YES;
				"CODE_SIGN_IDENTITY[sdk=iphoneos*]" = "iPhone Developer";
				COPY_PHASE_STRIP = NO;
				ENABLE_STRICT_OBJC_MSGSEND = YES;
				GCC_C_LANGUAGE_STANDARD = gnu99;
				GCC_DYNAMIC_NO_PIC = NO;
				GCC_OPTIMIZATION_LEVEL = 0;
				GCC_PREPROCESSOR_DEFINITIONS = (
					"DEBUG=1",
					"$(inherited)",
				);
				GCC_SYMBOLS_PRIVATE_EXTERN = NO;
				GCC_WARN_64_TO_32_BIT_CONVERSION = YES;
				GCC_WARN_ABOUT_RETURN_TYPE = YES_ERROR;
				GCC_WARN_UNDECLARED_SELECTOR = YES;
				GCC_WARN_UNINITIALIZED_AUTOS = YES_AGGRESSIVE;
				GCC_WARN_UNUSED_FUNCTION = YES;
				GCC_WARN_UNUSED_VARIABLE = YES;
				IPHONEOS_DEPLOYMENT_TARGET = 8.1;
				MTL_ENABLE_DEBUG_INFO = YES;
				ONLY_ACTIVE_ARCH = YES;
				SDKROOT = iphoneos;
			};
			name = Debug;
		};
		B47C3DC11A9452A400F41A9D /* Release */ = {
			isa = XCBuildConfiguration;
			buildSettings = {
				ALWAYS_SEARCH_USER_PATHS = NO;
				CLANG_CXX_LANGUAGE_STANDARD = "gnu++0x";
				CLANG_CXX_LIBRARY = "libc++";
				CLANG_ENABLE_MODULES = YES;
				CLANG_ENABLE_OBJC_ARC = YES;
				CLANG_WARN_BOOL_CONVERSION = YES;
				CLANG_WARN_CONSTANT_CONVERSION = YES;
				CLANG_WARN_DIRECT_OBJC_ISA_USAGE = YES_ERROR;
				CLANG_WARN_EMPTY_BODY = YES;
				CLANG_WARN_ENUM_CONVERSION = YES;
				CLANG_WARN_INT_CONVERSION = YES;
				CLANG_WARN_OBJC_ROOT_CLASS = YES_ERROR;
				CLANG_WARN_UNREACHABLE_CODE = YES;
				CLANG_WARN__DUPLICATE_METHOD_MATCH = YES;
				"CODE_SIGN_IDENTITY[sdk=iphoneos*]" = "iPhone Developer";
				COPY_PHASE_STRIP = YES;
				ENABLE_NS_ASSERTIONS = NO;
				ENABLE_STRICT_OBJC_MSGSEND = YES;
				GCC_C_LANGUAGE_STANDARD = gnu99;
				GCC_WARN_64_TO_32_BIT_CONVERSION = YES;
				GCC_WARN_ABOUT_RETURN_TYPE = YES_ERROR;
				GCC_WARN_UNDECLARED_SELECTOR = YES;
				GCC_WARN_UNINITIALIZED_AUTOS = YES_AGGRESSIVE;
				GCC_WARN_UNUSED_FUNCTION = YES;
				GCC_WARN_UNUSED_VARIABLE = YES;
				IPHONEOS_DEPLOYMENT_TARGET = 8.1;
				MTL_ENABLE_DEBUG_INFO = NO;
				SDKROOT = iphoneos;
				VALIDATE_PRODUCT = YES;
			};
			name = Release;
		};
		B47C3DC31A9452A400F41A9D /* Debug */ = {
			isa = XCBuildConfiguration;
			buildSettings = {
				ASSETCATALOG_COMPILER_APPICON_NAME = AppIcon;
				FRAMEWORK_SEARCH_PATHS = (
					"$(inherited)",
					"$(PROJECT_DIR)",
				);
				GCC_INPUT_FILETYPE = automatic;
				HEADER_SEARCH_PATHS = (
					"$(inherited)",
					/Applications/Xcode.app/Contents/Developer/Toolchains/XcodeDefault.xctoolchain/usr/include,
					"$(SRCROOT)/OAuth2Client/**",
					"$(SRCROOT)/inc",
				);
				INFOPLIST_FILE = "Pack-it_seeker/Info.plist";
				IPHONEOS_DEPLOYMENT_TARGET = 7.0;
				LD_RUNPATH_SEARCH_PATHS = "$(inherited) @executable_path/Frameworks";
				LIBRARY_SEARCH_PATHS = (
					"$(inherited)",
					"$(PROJECT_DIR)",
				);
				OTHER_LDFLAGS = "-ObjC";
				PRODUCT_NAME = "$(TARGET_NAME)";
				VALIDATE_PRODUCT = YES;
			};
			name = Debug;
		};
		B47C3DC41A9452A400F41A9D /* Release */ = {
			isa = XCBuildConfiguration;
			buildSettings = {
				ASSETCATALOG_COMPILER_APPICON_NAME = AppIcon;
				FRAMEWORK_SEARCH_PATHS = (
					"$(inherited)",
					"$(PROJECT_DIR)",
				);
				GCC_INPUT_FILETYPE = automatic;
				HEADER_SEARCH_PATHS = (
					"$(inherited)",
					/Applications/Xcode.app/Contents/Developer/Toolchains/XcodeDefault.xctoolchain/usr/include,
					"$(SRCROOT)/OAuth2Client/**",
					"$(SRCROOT)/inc",
				);
				INFOPLIST_FILE = "Pack-it_seeker/Info.plist";
				IPHONEOS_DEPLOYMENT_TARGET = 7.0;
				LD_RUNPATH_SEARCH_PATHS = "$(inherited) @executable_path/Frameworks";
				LIBRARY_SEARCH_PATHS = (
					"$(inherited)",
					"$(PROJECT_DIR)",
				);
				OTHER_LDFLAGS = "-ObjC";
				PRODUCT_NAME = "$(TARGET_NAME)";
				VALIDATE_PRODUCT = YES;
			};
			name = Release;
		};
		B47C3DC61A9452A400F41A9D /* Debug */ = {
			isa = XCBuildConfiguration;
			buildSettings = {
				BUNDLE_LOADER = "$(TEST_HOST)";
				FRAMEWORK_SEARCH_PATHS = (
					"$(SDKROOT)/Developer/Library/Frameworks",
					"$(inherited)",
				);
				GCC_PREPROCESSOR_DEFINITIONS = (
					"DEBUG=1",
					"$(inherited)",
				);
				INFOPLIST_FILE = "Pack-it_seekerTests/Info.plist";
				LD_RUNPATH_SEARCH_PATHS = "$(inherited) @executable_path/Frameworks @loader_path/Frameworks";
				PRODUCT_NAME = "$(TARGET_NAME)";
				TEST_HOST = "$(BUILT_PRODUCTS_DIR)/Pack-it_seeker.app/Pack-it_seeker";
			};
			name = Debug;
		};
		B47C3DC71A9452A400F41A9D /* Release */ = {
			isa = XCBuildConfiguration;
			buildSettings = {
				BUNDLE_LOADER = "$(TEST_HOST)";
				FRAMEWORK_SEARCH_PATHS = (
					"$(SDKROOT)/Developer/Library/Frameworks",
					"$(inherited)",
				);
				INFOPLIST_FILE = "Pack-it_seekerTests/Info.plist";
				LD_RUNPATH_SEARCH_PATHS = "$(inherited) @executable_path/Frameworks @loader_path/Frameworks";
				PRODUCT_NAME = "$(TARGET_NAME)";
				TEST_HOST = "$(BUILT_PRODUCTS_DIR)/Pack-it_seeker.app/Pack-it_seeker";
			};
			name = Release;
		};
/* End XCBuildConfiguration section */

/* Begin XCConfigurationList section */
		B47C3D971A9452A400F41A9D /* Build configuration list for PBXProject "Pack-it_seeker" */ = {
			isa = XCConfigurationList;
			buildConfigurations = (
				B47C3DC01A9452A400F41A9D /* Debug */,
				B47C3DC11A9452A400F41A9D /* Release */,
			);
			defaultConfigurationIsVisible = 0;
			defaultConfigurationName = Release;
		};
		B47C3DC21A9452A400F41A9D /* Build configuration list for PBXNativeTarget "Pack-it_seeker" */ = {
			isa = XCConfigurationList;
			buildConfigurations = (
				B47C3DC31A9452A400F41A9D /* Debug */,
				B47C3DC41A9452A400F41A9D /* Release */,
			);
			defaultConfigurationIsVisible = 0;
			defaultConfigurationName = Release;
		};
		B47C3DC51A9452A400F41A9D /* Build configuration list for PBXNativeTarget "Pack-it_seekerTests" */ = {
			isa = XCConfigurationList;
			buildConfigurations = (
				B47C3DC61A9452A400F41A9D /* Debug */,
				B47C3DC71A9452A400F41A9D /* Release */,
			);
			defaultConfigurationIsVisible = 0;
			defaultConfigurationName = Release;
		};
/* End XCConfigurationList section */
	};
	rootObject = B47C3D941A9452A400F41A9D /* Project object */;
}
